
Microsoft Visual Studio Solution File, Format Version 12.00
# Visual Studio Version 17
VisualStudioVersion = 17.10.34928.147
MinimumVisualStudioVersion = 10.0.40219.1
Project("{9A19103F-16F7-4668-BE54-9A1E7A4F7556}") = "Task1.1", "1\Task1.1\Task1.1.csproj", "{29DF38C7-2219-4AD2-A636-B4CC8DE7F052}"
EndProject
Project("{2150E333-8FDC-42A3-9474-1A3956D46DE8}") = "1", "1", "{C6F45222-9032-48CD-B16A-7FCA887AE7BD}"
EndProject
Project("{2150E333-8FDC-42A3-9474-1A3956D46DE8}") = "2", "2", "{C3843DA1-5695-4E27-BA01-FC9D25AEDED8}"
EndProject
Project("{9A19103F-16F7-4668-BE54-9A1E7A4F7556}") = "Task1.2", "2\Task1.2\Task1.2.csproj", "{9BE856E1-679F-4B9A-804C-997C79B23A86}"
EndProject
Project("{9A19103F-16F7-4668-BE54-9A1E7A4F7556}") = "Task1.3", "2\Task1.3\Task1.3.csproj", "{3D9FF7DC-377D-439D-BA42-99107426AA02}"
EndProject
Project("{9A19103F-16F7-4668-BE54-9A1E7A4F7556}") = "Task1.4", "2\Task1.4\Task1.4.csproj", "{334A3DF1-DE78-4C39-9F93-3CD4F6517996}"
EndProject
Project("{9A19103F-16F7-4668-BE54-9A1E7A4F7556}") = "Task1.2", "1\Task1.2\Task1.2.csproj", "{D2552AA3-B777-4972-87DE-A02A0569651C}"
EndProject
Project("{9A19103F-16F7-4668-BE54-9A1E7A4F7556}") = "Task1.3", "1\Task1.3\Task1.3.csproj", "{B46A87BF-F46D-44D7-90D9-38DD46A0EBC2}"
EndProject
Project("{9A19103F-16F7-4668-BE54-9A1E7A4F7556}") = "Task1.4", "1\Task1.4\Task1.4.csproj", "{751C49C0-BBF6-4743-B9C6-3446B5990056}"
EndProject
Project("{9A19103F-16F7-4668-BE54-9A1E7A4F7556}") = "Task2.1", "1\Task2.1\Task2.1.csproj", "{23DA3019-2F81-45CC-9B08-512D0CAA6FA3}"
EndProject
Project("{9A19103F-16F7-4668-BE54-9A1E7A4F7556}") = "Task2.2", "1\Task2.2\Task2.2.csproj", "{7EE1C6B1-E76A-43BB-902E-17A2AB14B6BB}"
EndProject
Project("{9A19103F-16F7-4668-BE54-9A1E7A4F7556}") = "Task2.3", "1\Task2.3\Task2.3.csproj", "{2B2925E6-7A7C-42BB-9280-9BC5E89EDCF8}"
EndProject
Project("{9A19103F-16F7-4668-BE54-9A1E7A4F7556}") = "Task1.1", "2\Task1.1\Task1.1.csproj", "{E2E60EBF-CFC1-4742-A105-0AD0EB625B5C}"
EndProject
Project("{9A19103F-16F7-4668-BE54-9A1E7A4F7556}") = "Task2.1", "2\Task2.1\Task2.1.csproj", "{290BC75F-E0D0-4B84-A76A-D646A1873809}"
EndProject
Project("{9A19103F-16F7-4668-BE54-9A1E7A4F7556}") = "Task2.2", "2\Task2.2\Task2.2.csproj", "{8F3BB0A3-2F1B-4956-8ED1-8C6B68351120}"
EndProject
Project("{9A19103F-16F7-4668-BE54-9A1E7A4F7556}") = "Task2.3", "2\Task2.3\Task2.3.csproj", "{91764E74-2EE9-4F74-BE2F-7A2B16FEB379}"
EndProject
Project("{9A19103F-16F7-4668-BE54-9A1E7A4F7556}") = "Task2.4", "2\Task2.4\Task2.4.csproj", "{DE8A7CC6-9F59-407E-B016-F862B28804D1}"
EndProject
Project("{9A19103F-16F7-4668-BE54-9A1E7A4F7556}") = "Task2.5", "2\Task2.5\Task2.5.csproj", "{AC77F483-5BD1-4ECA-B150-9425458EE86A}"
EndProject
Project("{2150E333-8FDC-42A3-9474-1A3956D46DE8}") = "3", "3", "{CEED46E6-E326-406F-AC3F-0F068633CD57}"
EndProject
Project("{9A19103F-16F7-4668-BE54-9A1E7A4F7556}") = "Task1", "3\Task1\Task1.csproj", "{06A589F5-0679-4E94-9056-BBBBF16B7B05}"
EndProject
Project("{9A19103F-16F7-4668-BE54-9A1E7A4F7556}") = "Task2", "3\Task2\Task2.csproj", "{0AD48203-9CA6-4044-BDE9-763556883A59}"
EndProject
Project("{9A19103F-16F7-4668-BE54-9A1E7A4F7556}") = "Task3", "3\Task3\Task3.csproj", "{34EE5C97-560F-4DD9-9BA7-26E5D8DDF145}"
EndProject
Project("{9A19103F-16F7-4668-BE54-9A1E7A4F7556}") = "Task4", "3\Task4\Task4.csproj", "{0F14781D-FB7E-45B2-94A7-8288928A972C}"
EndProject
Project("{9A19103F-16F7-4668-BE54-9A1E7A4F7556}") = "Task5", "3\Task5\Task5.csproj", "{AB245E7A-2A3E-452E-BB80-0214FB59CDFC}"
EndProject
Project("{2150E333-8FDC-42A3-9474-1A3956D46DE8}") = "4", "4", "{4C5927B9-3FB6-473D-9FC7-D6C50F2C9885}"
EndProject
Project("{9A19103F-16F7-4668-BE54-9A1E7A4F7556}") = "Task1", "4\Task1\Task1.csproj", "{C3EA3E31-A3C0-4F73-B826-05B32DC906B6}"
EndProject
Project("{9A19103F-16F7-4668-BE54-9A1E7A4F7556}") = "Task2", "4\Task2\Task2.csproj", "{9B2C21B3-F901-408F-8553-1E03AD413008}"
EndProject
Project("{9A19103F-16F7-4668-BE54-9A1E7A4F7556}") = "Task3", "4\Task3\Task3.csproj", "{C2E1EF96-3718-41EC-A196-A7254EA07890}"
EndProject
Project("{9A19103F-16F7-4668-BE54-9A1E7A4F7556}") = "Task4", "4\Task4\Task4.csproj", "{5339BF90-410B-4249-9AA5-02FC11CF371F}"
EndProject
Project("{9A19103F-16F7-4668-BE54-9A1E7A4F7556}") = "Task5", "4\Task5\Task5.csproj", "{1698403D-16B1-49E9-9A22-EA9A38A96EEE}"
EndProject
Project("{9A19103F-16F7-4668-BE54-9A1E7A4F7556}") = "Task6", "4\Task6\Task6.csproj", "{D66C245F-D6E0-402E-BF35-009367643282}"
EndProject
Project("{9A19103F-16F7-4668-BE54-9A1E7A4F7556}") = "Task7", "4\Task7\Task7.csproj", "{5CF3C717-FCFD-489A-A3C8-01CE0F331E5A}"
EndProject
Project("{9A19103F-16F7-4668-BE54-9A1E7A4F7556}") = "Task8", "4\Task8\Task8.csproj", "{2E1D3B17-053F-41F5-9046-FB85E58AB776}"
EndProject
Project("{9A19103F-16F7-4668-BE54-9A1E7A4F7556}") = "Task9", "4\Task9\Task9.csproj", "{5214E4C2-25F3-4851-8799-EEC681C261C7}"
EndProject
Project("{9A19103F-16F7-4668-BE54-9A1E7A4F7556}") = "Task10", "4\Task10\Task10.csproj", "{B2246042-FC20-472E-BBDF-2F424E3C3A01}"
EndProject
Project("{9A19103F-16F7-4668-BE54-9A1E7A4F7556}") = "Task11", "4\Task11\Task11.csproj", "{35E447CF-985C-48CD-9159-3BDCCCEFA09B}"
EndProject
Project("{9A19103F-16F7-4668-BE54-9A1E7A4F7556}") = "Task12", "4\Task12\Task12.csproj", "{6CF952A8-0463-4226-ACCA-FBDB16E07802}"
EndProject
Project("{9A19103F-16F7-4668-BE54-9A1E7A4F7556}") = "Task13", "4\Task13\Task13.csproj", "{01C41DA6-5445-4DF8-91B7-72A64CA1CB64}"
EndProject
Project("{2150E333-8FDC-42A3-9474-1A3956D46DE8}") = "5", "5", "{E3997176-5DE8-4498-8D07-55C61E24B503}"
EndProject
Project("{9A19103F-16F7-4668-BE54-9A1E7A4F7556}") = "Task1", "5\Task1\Task1.csproj", "{359A44D0-5791-4E11-B202-54B74F21DB35}"
EndProject
Project("{9A19103F-16F7-4668-BE54-9A1E7A4F7556}") = "Task2", "5\Task2\Task2.csproj", "{0537C49C-EE58-4B1F-991E-93E045B5C4BF}"
EndProject
Project("{9A19103F-16F7-4668-BE54-9A1E7A4F7556}") = "Task3", "5\Task3\Task3.csproj", "{2E8D4D89-CF6E-49B6-9F9F-D47BEF4870F7}"
EndProject
Project("{9A19103F-16F7-4668-BE54-9A1E7A4F7556}") = "Task4", "5\Task4\Task4.csproj", "{9FE668C8-1FC3-4503-8CA1-6C977EC93C55}"
EndProject
Project("{9A19103F-16F7-4668-BE54-9A1E7A4F7556}") = "Task5", "5\Task5\Task5.csproj", "{3442465D-18FB-4861-94D5-D46462024D9D}"
EndProject
Project("{9A19103F-16F7-4668-BE54-9A1E7A4F7556}") = "Task6", "5\Task6\Task6.csproj", "{FAC90344-F15B-47B0-8559-B17E1D1F660C}"
EndProject
Project("{9A19103F-16F7-4668-BE54-9A1E7A4F7556}") = "Task7", "5\Task7\Task7.csproj", "{32010038-7EC9-454C-9D02-4FAAFF4ECC63}"
EndProject
Project("{9A19103F-16F7-4668-BE54-9A1E7A4F7556}") = "Task8", "5\Task8\Task8.csproj", "{A2748DC0-2EDD-40C6-8648-7C2F7B418C24}"
EndProject
Project("{9A19103F-16F7-4668-BE54-9A1E7A4F7556}") = "Task9", "5\Task9\Task9.csproj", "{20C886D0-E4BA-4897-BEBE-C689AFA48B68}"
EndProject
Project("{9A19103F-16F7-4668-BE54-9A1E7A4F7556}") = "Task11", "5\Task11\Task11.csproj", "{F9D269C3-BA4C-4220-AEEC-DC128ACEDB97}"
EndProject
Project("{9A19103F-16F7-4668-BE54-9A1E7A4F7556}") = "Task10", "5\Task10\Task10.csproj", "{74490343-5394-4B3D-B592-BD9A7BA4489C}"
EndProject
Project("{9A19103F-16F7-4668-BE54-9A1E7A4F7556}") = "Task12", "5\Task12\Task12.csproj", "{E1B1E509-2E43-427A-867E-CA5A48135DC1}"
EndProject
Project("{9A19103F-16F7-4668-BE54-9A1E7A4F7556}") = "Task13", "5\Task13\Task13.csproj", "{17AC14B4-E91B-4EC2-95D7-110C0EC5A4B2}"
EndProject
Project("{9A19103F-16F7-4668-BE54-9A1E7A4F7556}") = "Task14", "5\Task14\Task14.csproj", "{8FBBD559-82AE-4D63-B617-F61E16CC1471}"
EndProject
Project("{9A19103F-16F7-4668-BE54-9A1E7A4F7556}") = "Task15", "5\Task15\Task15.csproj", "{02BDFF7A-A131-4E54-9193-175F5B53C059}"
EndProject
Project("{9A19103F-16F7-4668-BE54-9A1E7A4F7556}") = "Task16", "5\Task16\Task16.csproj", "{7D201521-A1A8-4F78-97C3-D4742A92FB80}"
EndProject
Project("{9A19103F-16F7-4668-BE54-9A1E7A4F7556}") = "Task17", "5\Task17\Task17.csproj", "{5BD5056B-E771-411A-8A46-01EE1F7301E5}"
EndProject
Project("{9A19103F-16F7-4668-BE54-9A1E7A4F7556}") = "Task18", "5\Task18\Task18.csproj", "{94454CEF-C6F2-4A7A-9EA8-39000587345C}"
EndProject
Project("{9A19103F-16F7-4668-BE54-9A1E7A4F7556}") = "Task19", "5\Task19\Task19.csproj", "{68981267-E032-4A9D-8CDD-C7C3C8C84735}"
EndProject
Project("{9A19103F-16F7-4668-BE54-9A1E7A4F7556}") = "Task20", "5\Task20\Task20.csproj", "{704ED74F-9E89-46D6-94B2-1CB55E03C8EB}"
EndProject
Project("{2150E333-8FDC-42A3-9474-1A3956D46DE8}") = "6", "6", "{C08AD340-D300-4E43-AC24-46E7A9EE91BC}"
EndProject
Project("{9A19103F-16F7-4668-BE54-9A1E7A4F7556}") = "Task1", "6\Task1\Task1.csproj", "{459109A7-EDCA-40D3-BCE3-EC655BAC3216}"
EndProject
Project("{9A19103F-16F7-4668-BE54-9A1E7A4F7556}") = "Task2", "6\Task2\Task2.csproj", "{964846FB-1024-4ACD-A3D6-0476191E3874}"
EndProject
Project("{9A19103F-16F7-4668-BE54-9A1E7A4F7556}") = "Task3", "6\Task3\Task3.csproj", "{8FFD72F9-2512-4F88-9F17-0221BE063161}"
EndProject
Project("{9A19103F-16F7-4668-BE54-9A1E7A4F7556}") = "Task4", "6\Task4\Task4.csproj", "{E648CD2B-C072-4D6B-B864-6DE115B75910}"
EndProject
Project("{9A19103F-16F7-4668-BE54-9A1E7A4F7556}") = "Task5", "6\Task5\Task5.csproj", "{C4278C3A-A9EC-4C25-834D-1A63F4562C0E}"
EndProject
Project("{9A19103F-16F7-4668-BE54-9A1E7A4F7556}") = "Task6", "6\Task6\Task6.csproj", "{A5679F59-3F3B-4A00-AC26-C75277CD8A1C}"
EndProject
Project("{9A19103F-16F7-4668-BE54-9A1E7A4F7556}") = "Task7", "6\Task7\Task7.csproj", "{366E7CFD-FEB3-495C-BDA8-E219571C0FDB}"
EndProject
Project("{9A19103F-16F7-4668-BE54-9A1E7A4F7556}") = "Task8", "6\Task8\Task8.csproj", "{DA68F6E8-7B74-4E36-958E-68611C9315CB}"
EndProject
Project("{9A19103F-16F7-4668-BE54-9A1E7A4F7556}") = "Task9", "6\Task9\Task9.csproj", "{199AC08B-E6B6-4980-A2CA-56320744D5B0}"
EndProject
Project("{9A19103F-16F7-4668-BE54-9A1E7A4F7556}") = "Task10", "6\Task10\Task10.csproj", "{D5BB1EE0-E50C-4750-9A11-13693898CF03}"
EndProject
Project("{2150E333-8FDC-42A3-9474-1A3956D46DE8}") = "7", "7", "{2546862A-4033-4CC4-901C-C1D710C4DBBE}"
EndProject
Project("{9A19103F-16F7-4668-BE54-9A1E7A4F7556}") = "Task1", "7\Task1\Task1.csproj", "{030F5000-F402-484F-9925-BC835C432CC1}"
EndProject
Project("{9A19103F-16F7-4668-BE54-9A1E7A4F7556}") = "Task2", "7\Task2\Task2.csproj", "{5A608740-95AD-4A82-93C8-14C6F5BC15D9}"
EndProject
Project("{9A19103F-16F7-4668-BE54-9A1E7A4F7556}") = "Task3", "7\Task3\Task3.csproj", "{B67B9496-BF53-4439-A9EA-0A92287BB4B0}"
EndProject
Project("{9A19103F-16F7-4668-BE54-9A1E7A4F7556}") = "Task4", "7\Task4\Task4.csproj", "{F5F8B66B-363A-4D85-B8D6-A9A6803E21CE}"
EndProject
Project("{9A19103F-16F7-4668-BE54-9A1E7A4F7556}") = "Task5", "7\Task5\Task5.csproj", "{26EAC489-FF1A-4327-9606-AD04243BC0AA}"
EndProject
Project("{9A19103F-16F7-4668-BE54-9A1E7A4F7556}") = "Task6", "7\Task6\Task6.csproj", "{579105B2-97C9-4D9E-B5F2-459D02EE5597}"
EndProject
Project("{9A19103F-16F7-4668-BE54-9A1E7A4F7556}") = "Task7", "7\Task7\Task7.csproj", "{D814117D-CD77-41B8-9037-A274971240B6}"
EndProject
Project("{9A19103F-16F7-4668-BE54-9A1E7A4F7556}") = "Task8", "7\Task8\Task8.csproj", "{7DE1D427-3A29-4E5A-A4EC-6AD82EF9AEB3}"
EndProject
Project("{9A19103F-16F7-4668-BE54-9A1E7A4F7556}") = "Task9", "7\Task9\Task9.csproj", "{2047EE74-AE5F-4BFD-AB99-BDB62BF8FC5D}"
EndProject
Project("{9A19103F-16F7-4668-BE54-9A1E7A4F7556}") = "Task10", "7\Task10\Task10.csproj", "{2100016F-63FB-4C6C-866F-4BE874311EB7}"
EndProject
Project("{9A19103F-16F7-4668-BE54-9A1E7A4F7556}") = "Task11", "7\Task11\Task11.csproj", "{45E588D3-ACCF-4881-BC41-C05F7A3E7723}"
EndProject
Project("{2150E333-8FDC-42A3-9474-1A3956D46DE8}") = "8", "8", "{B7DF9864-86CE-4336-A2BD-FA53054FD8D0}"
EndProject
Project("{9A19103F-16F7-4668-BE54-9A1E7A4F7556}") = "Task1", "8\Task1\Task1.csproj", "{B871B513-B9BF-4470-B112-5A9C407C3AF4}"
EndProject
Project("{9A19103F-16F7-4668-BE54-9A1E7A4F7556}") = "Task2", "8\Task2\Task2.csproj", "{7B62ADE9-A7BF-4A33-9BD9-9E564A943AC8}"
EndProject
Project("{9A19103F-16F7-4668-BE54-9A1E7A4F7556}") = "Task3", "8\Task3\Task3.csproj", "{657360C1-7C00-43C4-8461-9B3E8F3ACC3F}"
EndProject
Project("{9A19103F-16F7-4668-BE54-9A1E7A4F7556}") = "Task4", "8\Task4\Task4.csproj", "{1D6A6F79-7B0D-4292-806D-7EBFA0A83378}"
EndProject
Project("{9A19103F-16F7-4668-BE54-9A1E7A4F7556}") = "Task5", "8\Task5\Task5.csproj", "{FFE606BF-E8A0-4FDC-BEB7-199247534FB9}"
EndProject
Project("{9A19103F-16F7-4668-BE54-9A1E7A4F7556}") = "Task6", "8\Task6\Task6.csproj", "{FE7A9481-4F5A-4CF4-BF6C-83587ACF400A}"
EndProject
Project("{9A19103F-16F7-4668-BE54-9A1E7A4F7556}") = "Task7", "8\Task7\Task7.csproj", "{83B1A698-5252-44CE-BA9E-2AC8DF53782F}"
EndProject
Project("{9A19103F-16F7-4668-BE54-9A1E7A4F7556}") = "Task8", "8\Task8\Task8.csproj", "{7608FC74-D0BC-4C16-8139-FCDCA6AAD1FB}"
EndProject
Project("{9A19103F-16F7-4668-BE54-9A1E7A4F7556}") = "Task9", "8\Task9\Task9.csproj", "{07302B48-4E12-44EC-AB84-0105B518C491}"
EndProject
Project("{9A19103F-16F7-4668-BE54-9A1E7A4F7556}") = "Task10", "8\Task10\Task10.csproj", "{DD1EDE06-C088-4DF8-8459-682D13920A3C}"
EndProject
Project("{9A19103F-16F7-4668-BE54-9A1E7A4F7556}") = "Task11", "8\Task11\Task11.csproj", "{9F7F20C6-8CBE-473A-9ADC-D58E8B4F48B2}"
EndProject
Project("{9A19103F-16F7-4668-BE54-9A1E7A4F7556}") = "Task12", "8\Task12\Task12.csproj", "{863C37DE-15E0-45DE-B495-36B76856A547}"
EndProject
Project("{9A19103F-16F7-4668-BE54-9A1E7A4F7556}") = "Task13", "8\Task13\Task13.csproj", "{D5A5FEF3-8AB8-4EF9-856F-3C9B8946EF64}"
EndProject
Project("{9A19103F-16F7-4668-BE54-9A1E7A4F7556}") = "Task14", "8\Task14\Task14.csproj", "{760C75D8-8EAF-46D7-A1DE-D68F016BCEA6}"
EndProject
Project("{9A19103F-16F7-4668-BE54-9A1E7A4F7556}") = "Task15", "8\Task15\Task15.csproj", "{83223E50-0EA0-4768-9332-7E6F794C0674}"
EndProject
Project("{9A19103F-16F7-4668-BE54-9A1E7A4F7556}") = "Task16", "8\Task16\Task16.csproj", "{F182C62C-E2E6-4DB0-9A4C-A671632FC304}"
EndProject
Project("{9A19103F-16F7-4668-BE54-9A1E7A4F7556}") = "Task17", "8\Task17\Task17.csproj", "{CA56E925-9CB6-4009-9E3F-A264442E7F76}"
EndProject
Project("{9A19103F-16F7-4668-BE54-9A1E7A4F7556}") = "Task18", "8\Task18\Task18.csproj", "{09BF6912-3A85-4035-84AF-80ADA7804858}"
EndProject
Project("{9A19103F-16F7-4668-BE54-9A1E7A4F7556}") = "Task19", "8\Task19\Task19.csproj", "{B9288173-3372-4594-8D3B-CBF017128C32}"
EndProject
Project("{9A19103F-16F7-4668-BE54-9A1E7A4F7556}") = "Task20", "8\Task20\Task20.csproj", "{F895A4D8-8C33-40EB-8D7E-02F7418C719A}"
EndProject
Project("{2150E333-8FDC-42A3-9474-1A3956D46DE8}") = "9", "9", "{6E363DE4-BAF0-4F34-8EC6-521442155EA5}"
EndProject
Project("{9A19103F-16F7-4668-BE54-9A1E7A4F7556}") = "1.Print Array Elements", "9\Task1\1.Print Array Elements.csproj", "{A9018547-CF02-4A51-AC1F-21A539D49170}"
EndProject
Project("{9A19103F-16F7-4668-BE54-9A1E7A4F7556}") = "2.Reverse Order", "9\Task2\2.Reverse Order.csproj", "{35749FA3-82F9-408C-82E9-89D78FB03C28}"
EndProject
Project("{9A19103F-16F7-4668-BE54-9A1E7A4F7556}") = "3.Sum of Array Elements", "9\Task3\3.Sum of Array Elements.csproj", "{BFAD2D7F-0818-4EAA-B78D-71243F7CDA98}"
EndProject
Project("{9A19103F-16F7-4668-BE54-9A1E7A4F7556}") = "4.Copy Elements to Another Array", "9\Task4\4.Copy Elements to Another Array.csproj", "{C816ED01-F554-4BED-9B1D-70947C5F4A06}"
EndProject
Project("{9A19103F-16F7-4668-BE54-9A1E7A4F7556}") = "5.Count Duplicate Elements", "9\Task5\5.Count Duplicate Elements.csproj", "{D1EAB5BC-B9C0-4E65-B021-6423A6327C1C}"
EndProject
Project("{9A19103F-16F7-4668-BE54-9A1E7A4F7556}") = "6.Print Unique Elements", "9\Task6\6.Print Unique Elements.csproj", "{3AB44248-230B-445C-A7A1-770988351ECF}"
EndProject
Project("{9A19103F-16F7-4668-BE54-9A1E7A4F7556}") = "7.Merge Sorted Arrays", "9\Task7\7.Merge Sorted Arrays.csproj", "{D26F63B4-BE8D-4C79-AAE2-1C4DEA239BB0}"
EndProject
Project("{9A19103F-16F7-4668-BE54-9A1E7A4F7556}") = "8.Frequency of Each Element", "9\Task8\8.Frequency of Each Element.csproj", "{2F4F8720-D1F7-4634-9B05-B6D9D689AB49}"
EndProject
Project("{2150E333-8FDC-42A3-9474-1A3956D46DE8}") = "10", "10", "{0A68B9F2-784C-4D2C-AF8A-D721304C181A}"
EndProject
Project("{9A19103F-16F7-4668-BE54-9A1E7A4F7556}") = "1.Find Minimum with out", "10\Find Minimum with out\1.Find Minimum with out.csproj", "{6820B724-68C3-4642-B1E4-61B659DA0B36}"
EndProject
Project("{9A19103F-16F7-4668-BE54-9A1E7A4F7556}") = "2.Swap Characters with ref", "10\Swap Characters with ref\2.Swap Characters with ref.csproj", "{D8FD9FE5-420A-4FE4-9BAF-66C8100700C8}"
EndProject
Project("{9A19103F-16F7-4668-BE54-9A1E7A4F7556}") = "3.ModifyArrayWithRef", "10\ModifyArrayWithRef\3.ModifyArrayWithRef.csproj", "{447B7EF9-E9C5-493D-9259-85212F3BE2B7}"
EndProject
Project("{9A19103F-16F7-4668-BE54-9A1E7A4F7556}") = "4.Calculate Average with out", "10\Calculate Average with out\4.Calculate Average with out.csproj", "{709D472A-48CE-4BEC-A0F3-44D644187A8B}"
EndProject
Project("{9A19103F-16F7-4668-BE54-9A1E7A4F7556}") = "5.Reverse String with", "10\Reverse String with\5.Reverse String with.csproj", "{C9AE1098-0153-4702-A868-77A74F7F8E84}"
EndProject
Project("{9A19103F-16F7-4668-BE54-9A1E7A4F7556}") = "6.Find Maximum with out", "10\Find Maximum with out\6.Find Maximum with out.csproj", "{2B1C109E-26BB-4670-9ED2-252286D4BA78}"
EndProject
Project("{9A19103F-16F7-4668-BE54-9A1E7A4F7556}") = "7.Get Sum and Product with out", "10\Get Sum and Product with out\7.Get Sum and Product with out.csproj", "{9F3C71A9-C9EB-47D5-B360-269A452AC063}"
EndProject
Project("{9A19103F-16F7-4668-BE54-9A1E7A4F7556}") = "8.Nth Fibonacci number", "10\Nth Fibonacci number\8.Nth Fibonacci number.csproj", "{78AD9BD8-B7B7-4EB1-8DF4-BEB30B8FD2F4}"
EndProject
Project("{9A19103F-16F7-4668-BE54-9A1E7A4F7556}") = "9.Anagramm Strings", "10\Anagramm Strings\9.Anagramm Strings.csproj", "{04DE8932-18FE-4B69-8171-065931EA91FE}"
EndProject
Project("{9A19103F-16F7-4668-BE54-9A1E7A4F7556}") = "10.N prime numbers", "10\N prime numbers\10.N prime numbers.csproj", "{128E813B-2DAD-4ACD-A916-4B9B82BEACB3}"
EndProject
Project("{9A19103F-16F7-4668-BE54-9A1E7A4F7556}") = "12.CalculateStatistics", "10\CalculateStatistics\12.CalculateStatistics.csproj", "{D9A6D622-079A-4CA0-B285-E9212F6078D0}"
EndProject
Project("{9A19103F-16F7-4668-BE54-9A1E7A4F7556}") = "14.CalculateRectangleProperties", "10\CalculateRectangleProperties\14.CalculateRectangleProperties.csproj", "{F743C73B-50E4-4767-8E97-9DFA61FAFB88}"
EndProject
Project("{9A19103F-16F7-4668-BE54-9A1E7A4F7556}") = "11.GetPersonInfo", "10\GetPersonInfo\11.GetPersonInfo.csproj", "{897D7A02-D879-4D18-90CB-D146DEE7D831}"
EndProject
Project("{9A19103F-16F7-4668-BE54-9A1E7A4F7556}") = "13.SplitStringIntoWords", "10\SplitStringIntoWords\13.SplitStringIntoWords.csproj", "{4BC74EBF-ADBE-425F-B718-310C9B09F142}"
EndProject
Project("{2150E333-8FDC-42A3-9474-1A3956D46DE8}") = "10.struct", "10.struct", "{3DFFBCDC-35F8-4B64-BB48-6AD1A768CE24}"
EndProject
Project("{9A19103F-16F7-4668-BE54-9A1E7A4F7556}") = "Basic Struct Definition", "10_Struct_Class\Basic Struct Definition\Basic Struct Definition.csproj", "{470E1A3C-600F-4F08-A3F6-45667FDCC302}"
EndProject
Project("{9A19103F-16F7-4668-BE54-9A1E7A4F7556}") = "Create Struct Instances", "10_Struct_Class\Create Struct Instances\Create Struct Instances.csproj", "{87DF596B-1A26-4EC0-902F-680C3DBF51FC}"
EndProject
Project("{9A19103F-16F7-4668-BE54-9A1E7A4F7556}") = "Access Struct Members", "10_Struct_Class\Access Struct Members\Access Struct Members.csproj", "{369ABD27-9942-4F9E-BDB3-DDCED51B2822}"
EndProject
Project("{9A19103F-16F7-4668-BE54-9A1E7A4F7556}") = "Parameterized Constructor", "10_Struct_Class\Parameterized Constructor\Parameterized Constructor.csproj", "{25B5C890-F1D0-49C4-AED2-9A3DF6F33FB4}"
EndProject
Project("{9A19103F-16F7-4668-BE54-9A1E7A4F7556}") = "Calculate Average Age", "10_Struct_Class\Calculate Average Age\Calculate Average Age.csproj", "{1EB55CC0-A188-41E2-A8EB-2C7A1E73F69D}"
EndProject
Project("{9A19103F-16F7-4668-BE54-9A1E7A4F7556}") = "Immutable Struct", "10_Struct_Class\Immutable Struct\Immutable Struct.csproj", "{DB2EF0BF-2375-4968-83D5-9C6C90FDE9AB}"
EndProject
Project("{9A19103F-16F7-4668-BE54-9A1E7A4F7556}") = "Equality Comparison", "10_Struct_Class\Equality Comparison\Equality Comparison.csproj", "{AD91F41B-E280-4EBA-AB5C-295FD62AF139}"
EndProject
Project("{9A19103F-16F7-4668-BE54-9A1E7A4F7556}") = "Overload Operators", "10_Struct_Class\Overload Operators\Overload Operators.csproj", "{B8549293-3AC4-4F35-B080-3027B8760AAE}"
EndProject
Project("{9A19103F-16F7-4668-BE54-9A1E7A4F7556}") = "Nested Structs", "10_Struct_Class\Nested Structs\Nested Structs.csproj", "{7F3BD0AD-06D9-4020-AF2B-AB80BE131869}"
EndProject
Project("{9A19103F-16F7-4668-BE54-9A1E7A4F7556}") = "Custom Struct with Methods", "10_Struct_Class\Custom Struct with Methods\Custom Struct with Methods.csproj", "{D43E8F11-9EBD-431B-9412-FFF5D158580E}"
EndProject
Project("{9A19103F-16F7-4668-BE54-9A1E7A4F7556}") = "Date Struct", "10_Struct_Class\Date Struct\Date Struct.csproj", "{3CD365F4-6593-4169-999B-60AB6B12C03A}"
EndProject
Project("{9A19103F-16F7-4668-BE54-9A1E7A4F7556}") = "Rectangle Struct", "10_Struct_Class\Rectangle Struct\Rectangle Struct.csproj", "{DD8F02A4-CFD9-4273-AC77-4255F4718ADF}"
EndProject
Project("{9A19103F-16F7-4668-BE54-9A1E7A4F7556}") = "Geographical Coordinates", "10_Struct_Class\Geographical Coordinates\Geographical Coordinates.csproj", "{BBAE5D0B-8557-43EA-B495-8F35410B8059}"
EndProject
Project("{9A19103F-16F7-4668-BE54-9A1E7A4F7556}") = "Immutable Line Segment", "10_Struct_Class\Immutable Line Segment\Immutable Line Segment.csproj", "{5FEF9680-C761-4777-A92E-6497DA142D06}"
EndProject
Project("{9A19103F-16F7-4668-BE54-9A1E7A4F7556}") = "Custom Currency Exchange Rate", "10_Struct_Class\Custom Currency Exchange Rate\Custom Currency Exchange Rate.csproj", "{29BF9F3A-FDAF-452B-8519-DCF46A593458}"
EndProject
Project("{9A19103F-16F7-4668-BE54-9A1E7A4F7556}") = "Custom Money Type", "10_Struct_Class\Custom Money Type\Custom Money Type.csproj", "{A0564794-EC86-4A4E-8EF5-E93C7E185C00}"
EndProject
Project("{9A19103F-16F7-4668-BE54-9A1E7A4F7556}") = "Geolocation", "10_Struct_Class\Geolocation\Geolocation.csproj", "{EF2FE9C8-7FE5-4DEC-95C6-297640D7FB05}"
EndProject
Project("{FAE04EC0-301F-11D3-BF4B-00C04F79EFBC}") = "University", "University\University.csproj", "{467FDA0D-30CF-4A2B-926C-4B310FEEA9EA}"
EndProject
Global
	GlobalSection(SolutionConfigurationPlatforms) = preSolution
		Debug|Any CPU = Debug|Any CPU
		Release|Any CPU = Release|Any CPU
	EndGlobalSection
	GlobalSection(ProjectConfigurationPlatforms) = postSolution
		{29DF38C7-2219-4AD2-A636-B4CC8DE7F052}.Debug|Any CPU.ActiveCfg = Debug|Any CPU
		{29DF38C7-2219-4AD2-A636-B4CC8DE7F052}.Debug|Any CPU.Build.0 = Debug|Any CPU
		{29DF38C7-2219-4AD2-A636-B4CC8DE7F052}.Release|Any CPU.ActiveCfg = Release|Any CPU
		{29DF38C7-2219-4AD2-A636-B4CC8DE7F052}.Release|Any CPU.Build.0 = Release|Any CPU
		{9BE856E1-679F-4B9A-804C-997C79B23A86}.Debug|Any CPU.ActiveCfg = Debug|Any CPU
		{9BE856E1-679F-4B9A-804C-997C79B23A86}.Debug|Any CPU.Build.0 = Debug|Any CPU
		{9BE856E1-679F-4B9A-804C-997C79B23A86}.Release|Any CPU.ActiveCfg = Release|Any CPU
		{9BE856E1-679F-4B9A-804C-997C79B23A86}.Release|Any CPU.Build.0 = Release|Any CPU
		{3D9FF7DC-377D-439D-BA42-99107426AA02}.Debug|Any CPU.ActiveCfg = Debug|Any CPU
		{3D9FF7DC-377D-439D-BA42-99107426AA02}.Debug|Any CPU.Build.0 = Debug|Any CPU
		{3D9FF7DC-377D-439D-BA42-99107426AA02}.Release|Any CPU.ActiveCfg = Release|Any CPU
		{3D9FF7DC-377D-439D-BA42-99107426AA02}.Release|Any CPU.Build.0 = Release|Any CPU
		{334A3DF1-DE78-4C39-9F93-3CD4F6517996}.Debug|Any CPU.ActiveCfg = Debug|Any CPU
		{334A3DF1-DE78-4C39-9F93-3CD4F6517996}.Debug|Any CPU.Build.0 = Debug|Any CPU
		{334A3DF1-DE78-4C39-9F93-3CD4F6517996}.Release|Any CPU.ActiveCfg = Release|Any CPU
		{334A3DF1-DE78-4C39-9F93-3CD4F6517996}.Release|Any CPU.Build.0 = Release|Any CPU
		{D2552AA3-B777-4972-87DE-A02A0569651C}.Debug|Any CPU.ActiveCfg = Debug|Any CPU
		{D2552AA3-B777-4972-87DE-A02A0569651C}.Debug|Any CPU.Build.0 = Debug|Any CPU
		{D2552AA3-B777-4972-87DE-A02A0569651C}.Release|Any CPU.ActiveCfg = Release|Any CPU
		{D2552AA3-B777-4972-87DE-A02A0569651C}.Release|Any CPU.Build.0 = Release|Any CPU
		{B46A87BF-F46D-44D7-90D9-38DD46A0EBC2}.Debug|Any CPU.ActiveCfg = Debug|Any CPU
		{B46A87BF-F46D-44D7-90D9-38DD46A0EBC2}.Debug|Any CPU.Build.0 = Debug|Any CPU
		{B46A87BF-F46D-44D7-90D9-38DD46A0EBC2}.Release|Any CPU.ActiveCfg = Release|Any CPU
		{B46A87BF-F46D-44D7-90D9-38DD46A0EBC2}.Release|Any CPU.Build.0 = Release|Any CPU
		{751C49C0-BBF6-4743-B9C6-3446B5990056}.Debug|Any CPU.ActiveCfg = Debug|Any CPU
		{751C49C0-BBF6-4743-B9C6-3446B5990056}.Debug|Any CPU.Build.0 = Debug|Any CPU
		{751C49C0-BBF6-4743-B9C6-3446B5990056}.Release|Any CPU.ActiveCfg = Release|Any CPU
		{751C49C0-BBF6-4743-B9C6-3446B5990056}.Release|Any CPU.Build.0 = Release|Any CPU
		{23DA3019-2F81-45CC-9B08-512D0CAA6FA3}.Debug|Any CPU.ActiveCfg = Debug|Any CPU
		{23DA3019-2F81-45CC-9B08-512D0CAA6FA3}.Debug|Any CPU.Build.0 = Debug|Any CPU
		{23DA3019-2F81-45CC-9B08-512D0CAA6FA3}.Release|Any CPU.ActiveCfg = Release|Any CPU
		{23DA3019-2F81-45CC-9B08-512D0CAA6FA3}.Release|Any CPU.Build.0 = Release|Any CPU
		{7EE1C6B1-E76A-43BB-902E-17A2AB14B6BB}.Debug|Any CPU.ActiveCfg = Debug|Any CPU
		{7EE1C6B1-E76A-43BB-902E-17A2AB14B6BB}.Debug|Any CPU.Build.0 = Debug|Any CPU
		{7EE1C6B1-E76A-43BB-902E-17A2AB14B6BB}.Release|Any CPU.ActiveCfg = Release|Any CPU
		{7EE1C6B1-E76A-43BB-902E-17A2AB14B6BB}.Release|Any CPU.Build.0 = Release|Any CPU
		{2B2925E6-7A7C-42BB-9280-9BC5E89EDCF8}.Debug|Any CPU.ActiveCfg = Debug|Any CPU
		{2B2925E6-7A7C-42BB-9280-9BC5E89EDCF8}.Debug|Any CPU.Build.0 = Debug|Any CPU
		{2B2925E6-7A7C-42BB-9280-9BC5E89EDCF8}.Release|Any CPU.ActiveCfg = Release|Any CPU
		{2B2925E6-7A7C-42BB-9280-9BC5E89EDCF8}.Release|Any CPU.Build.0 = Release|Any CPU
		{E2E60EBF-CFC1-4742-A105-0AD0EB625B5C}.Debug|Any CPU.ActiveCfg = Debug|Any CPU
		{E2E60EBF-CFC1-4742-A105-0AD0EB625B5C}.Debug|Any CPU.Build.0 = Debug|Any CPU
		{E2E60EBF-CFC1-4742-A105-0AD0EB625B5C}.Release|Any CPU.ActiveCfg = Release|Any CPU
		{E2E60EBF-CFC1-4742-A105-0AD0EB625B5C}.Release|Any CPU.Build.0 = Release|Any CPU
		{290BC75F-E0D0-4B84-A76A-D646A1873809}.Debug|Any CPU.ActiveCfg = Debug|Any CPU
		{290BC75F-E0D0-4B84-A76A-D646A1873809}.Debug|Any CPU.Build.0 = Debug|Any CPU
		{290BC75F-E0D0-4B84-A76A-D646A1873809}.Release|Any CPU.ActiveCfg = Release|Any CPU
		{290BC75F-E0D0-4B84-A76A-D646A1873809}.Release|Any CPU.Build.0 = Release|Any CPU
		{8F3BB0A3-2F1B-4956-8ED1-8C6B68351120}.Debug|Any CPU.ActiveCfg = Debug|Any CPU
		{8F3BB0A3-2F1B-4956-8ED1-8C6B68351120}.Debug|Any CPU.Build.0 = Debug|Any CPU
		{8F3BB0A3-2F1B-4956-8ED1-8C6B68351120}.Release|Any CPU.ActiveCfg = Release|Any CPU
		{8F3BB0A3-2F1B-4956-8ED1-8C6B68351120}.Release|Any CPU.Build.0 = Release|Any CPU
		{91764E74-2EE9-4F74-BE2F-7A2B16FEB379}.Debug|Any CPU.ActiveCfg = Debug|Any CPU
		{91764E74-2EE9-4F74-BE2F-7A2B16FEB379}.Debug|Any CPU.Build.0 = Debug|Any CPU
		{91764E74-2EE9-4F74-BE2F-7A2B16FEB379}.Release|Any CPU.ActiveCfg = Release|Any CPU
		{91764E74-2EE9-4F74-BE2F-7A2B16FEB379}.Release|Any CPU.Build.0 = Release|Any CPU
		{DE8A7CC6-9F59-407E-B016-F862B28804D1}.Debug|Any CPU.ActiveCfg = Debug|Any CPU
		{DE8A7CC6-9F59-407E-B016-F862B28804D1}.Debug|Any CPU.Build.0 = Debug|Any CPU
		{DE8A7CC6-9F59-407E-B016-F862B28804D1}.Release|Any CPU.ActiveCfg = Release|Any CPU
		{DE8A7CC6-9F59-407E-B016-F862B28804D1}.Release|Any CPU.Build.0 = Release|Any CPU
		{AC77F483-5BD1-4ECA-B150-9425458EE86A}.Debug|Any CPU.ActiveCfg = Debug|Any CPU
		{AC77F483-5BD1-4ECA-B150-9425458EE86A}.Debug|Any CPU.Build.0 = Debug|Any CPU
		{AC77F483-5BD1-4ECA-B150-9425458EE86A}.Release|Any CPU.ActiveCfg = Release|Any CPU
		{AC77F483-5BD1-4ECA-B150-9425458EE86A}.Release|Any CPU.Build.0 = Release|Any CPU
		{06A589F5-0679-4E94-9056-BBBBF16B7B05}.Debug|Any CPU.ActiveCfg = Debug|Any CPU
		{06A589F5-0679-4E94-9056-BBBBF16B7B05}.Debug|Any CPU.Build.0 = Debug|Any CPU
		{06A589F5-0679-4E94-9056-BBBBF16B7B05}.Release|Any CPU.ActiveCfg = Release|Any CPU
		{06A589F5-0679-4E94-9056-BBBBF16B7B05}.Release|Any CPU.Build.0 = Release|Any CPU
		{0AD48203-9CA6-4044-BDE9-763556883A59}.Debug|Any CPU.ActiveCfg = Debug|Any CPU
		{0AD48203-9CA6-4044-BDE9-763556883A59}.Debug|Any CPU.Build.0 = Debug|Any CPU
		{0AD48203-9CA6-4044-BDE9-763556883A59}.Release|Any CPU.ActiveCfg = Release|Any CPU
		{0AD48203-9CA6-4044-BDE9-763556883A59}.Release|Any CPU.Build.0 = Release|Any CPU
		{34EE5C97-560F-4DD9-9BA7-26E5D8DDF145}.Debug|Any CPU.ActiveCfg = Debug|Any CPU
		{34EE5C97-560F-4DD9-9BA7-26E5D8DDF145}.Debug|Any CPU.Build.0 = Debug|Any CPU
		{34EE5C97-560F-4DD9-9BA7-26E5D8DDF145}.Release|Any CPU.ActiveCfg = Release|Any CPU
		{34EE5C97-560F-4DD9-9BA7-26E5D8DDF145}.Release|Any CPU.Build.0 = Release|Any CPU
		{0F14781D-FB7E-45B2-94A7-8288928A972C}.Debug|Any CPU.ActiveCfg = Debug|Any CPU
		{0F14781D-FB7E-45B2-94A7-8288928A972C}.Debug|Any CPU.Build.0 = Debug|Any CPU
		{0F14781D-FB7E-45B2-94A7-8288928A972C}.Release|Any CPU.ActiveCfg = Release|Any CPU
		{0F14781D-FB7E-45B2-94A7-8288928A972C}.Release|Any CPU.Build.0 = Release|Any CPU
		{AB245E7A-2A3E-452E-BB80-0214FB59CDFC}.Debug|Any CPU.ActiveCfg = Debug|Any CPU
		{AB245E7A-2A3E-452E-BB80-0214FB59CDFC}.Debug|Any CPU.Build.0 = Debug|Any CPU
		{AB245E7A-2A3E-452E-BB80-0214FB59CDFC}.Release|Any CPU.ActiveCfg = Release|Any CPU
		{AB245E7A-2A3E-452E-BB80-0214FB59CDFC}.Release|Any CPU.Build.0 = Release|Any CPU
		{C3EA3E31-A3C0-4F73-B826-05B32DC906B6}.Debug|Any CPU.ActiveCfg = Debug|Any CPU
		{C3EA3E31-A3C0-4F73-B826-05B32DC906B6}.Debug|Any CPU.Build.0 = Debug|Any CPU
		{C3EA3E31-A3C0-4F73-B826-05B32DC906B6}.Release|Any CPU.ActiveCfg = Release|Any CPU
		{C3EA3E31-A3C0-4F73-B826-05B32DC906B6}.Release|Any CPU.Build.0 = Release|Any CPU
		{9B2C21B3-F901-408F-8553-1E03AD413008}.Debug|Any CPU.ActiveCfg = Debug|Any CPU
		{9B2C21B3-F901-408F-8553-1E03AD413008}.Debug|Any CPU.Build.0 = Debug|Any CPU
		{9B2C21B3-F901-408F-8553-1E03AD413008}.Release|Any CPU.ActiveCfg = Release|Any CPU
		{9B2C21B3-F901-408F-8553-1E03AD413008}.Release|Any CPU.Build.0 = Release|Any CPU
		{C2E1EF96-3718-41EC-A196-A7254EA07890}.Debug|Any CPU.ActiveCfg = Debug|Any CPU
		{C2E1EF96-3718-41EC-A196-A7254EA07890}.Debug|Any CPU.Build.0 = Debug|Any CPU
		{C2E1EF96-3718-41EC-A196-A7254EA07890}.Release|Any CPU.ActiveCfg = Release|Any CPU
		{C2E1EF96-3718-41EC-A196-A7254EA07890}.Release|Any CPU.Build.0 = Release|Any CPU
		{5339BF90-410B-4249-9AA5-02FC11CF371F}.Debug|Any CPU.ActiveCfg = Debug|Any CPU
		{5339BF90-410B-4249-9AA5-02FC11CF371F}.Debug|Any CPU.Build.0 = Debug|Any CPU
		{5339BF90-410B-4249-9AA5-02FC11CF371F}.Release|Any CPU.ActiveCfg = Release|Any CPU
		{5339BF90-410B-4249-9AA5-02FC11CF371F}.Release|Any CPU.Build.0 = Release|Any CPU
		{1698403D-16B1-49E9-9A22-EA9A38A96EEE}.Debug|Any CPU.ActiveCfg = Debug|Any CPU
		{1698403D-16B1-49E9-9A22-EA9A38A96EEE}.Debug|Any CPU.Build.0 = Debug|Any CPU
		{1698403D-16B1-49E9-9A22-EA9A38A96EEE}.Release|Any CPU.ActiveCfg = Release|Any CPU
		{1698403D-16B1-49E9-9A22-EA9A38A96EEE}.Release|Any CPU.Build.0 = Release|Any CPU
		{D66C245F-D6E0-402E-BF35-009367643282}.Debug|Any CPU.ActiveCfg = Debug|Any CPU
		{D66C245F-D6E0-402E-BF35-009367643282}.Debug|Any CPU.Build.0 = Debug|Any CPU
		{D66C245F-D6E0-402E-BF35-009367643282}.Release|Any CPU.ActiveCfg = Release|Any CPU
		{D66C245F-D6E0-402E-BF35-009367643282}.Release|Any CPU.Build.0 = Release|Any CPU
		{5CF3C717-FCFD-489A-A3C8-01CE0F331E5A}.Debug|Any CPU.ActiveCfg = Debug|Any CPU
		{5CF3C717-FCFD-489A-A3C8-01CE0F331E5A}.Debug|Any CPU.Build.0 = Debug|Any CPU
		{5CF3C717-FCFD-489A-A3C8-01CE0F331E5A}.Release|Any CPU.ActiveCfg = Release|Any CPU
		{5CF3C717-FCFD-489A-A3C8-01CE0F331E5A}.Release|Any CPU.Build.0 = Release|Any CPU
		{2E1D3B17-053F-41F5-9046-FB85E58AB776}.Debug|Any CPU.ActiveCfg = Debug|Any CPU
		{2E1D3B17-053F-41F5-9046-FB85E58AB776}.Debug|Any CPU.Build.0 = Debug|Any CPU
		{2E1D3B17-053F-41F5-9046-FB85E58AB776}.Release|Any CPU.ActiveCfg = Release|Any CPU
		{2E1D3B17-053F-41F5-9046-FB85E58AB776}.Release|Any CPU.Build.0 = Release|Any CPU
		{5214E4C2-25F3-4851-8799-EEC681C261C7}.Debug|Any CPU.ActiveCfg = Debug|Any CPU
		{5214E4C2-25F3-4851-8799-EEC681C261C7}.Debug|Any CPU.Build.0 = Debug|Any CPU
		{5214E4C2-25F3-4851-8799-EEC681C261C7}.Release|Any CPU.ActiveCfg = Release|Any CPU
		{5214E4C2-25F3-4851-8799-EEC681C261C7}.Release|Any CPU.Build.0 = Release|Any CPU
		{B2246042-FC20-472E-BBDF-2F424E3C3A01}.Debug|Any CPU.ActiveCfg = Debug|Any CPU
		{B2246042-FC20-472E-BBDF-2F424E3C3A01}.Debug|Any CPU.Build.0 = Debug|Any CPU
		{B2246042-FC20-472E-BBDF-2F424E3C3A01}.Release|Any CPU.ActiveCfg = Release|Any CPU
		{B2246042-FC20-472E-BBDF-2F424E3C3A01}.Release|Any CPU.Build.0 = Release|Any CPU
		{35E447CF-985C-48CD-9159-3BDCCCEFA09B}.Debug|Any CPU.ActiveCfg = Debug|Any CPU
		{35E447CF-985C-48CD-9159-3BDCCCEFA09B}.Debug|Any CPU.Build.0 = Debug|Any CPU
		{35E447CF-985C-48CD-9159-3BDCCCEFA09B}.Release|Any CPU.ActiveCfg = Release|Any CPU
		{35E447CF-985C-48CD-9159-3BDCCCEFA09B}.Release|Any CPU.Build.0 = Release|Any CPU
		{6CF952A8-0463-4226-ACCA-FBDB16E07802}.Debug|Any CPU.ActiveCfg = Debug|Any CPU
		{6CF952A8-0463-4226-ACCA-FBDB16E07802}.Debug|Any CPU.Build.0 = Debug|Any CPU
		{6CF952A8-0463-4226-ACCA-FBDB16E07802}.Release|Any CPU.ActiveCfg = Release|Any CPU
		{6CF952A8-0463-4226-ACCA-FBDB16E07802}.Release|Any CPU.Build.0 = Release|Any CPU
		{01C41DA6-5445-4DF8-91B7-72A64CA1CB64}.Debug|Any CPU.ActiveCfg = Debug|Any CPU
		{01C41DA6-5445-4DF8-91B7-72A64CA1CB64}.Debug|Any CPU.Build.0 = Debug|Any CPU
		{01C41DA6-5445-4DF8-91B7-72A64CA1CB64}.Release|Any CPU.ActiveCfg = Release|Any CPU
		{01C41DA6-5445-4DF8-91B7-72A64CA1CB64}.Release|Any CPU.Build.0 = Release|Any CPU
		{359A44D0-5791-4E11-B202-54B74F21DB35}.Debug|Any CPU.ActiveCfg = Debug|Any CPU
		{359A44D0-5791-4E11-B202-54B74F21DB35}.Debug|Any CPU.Build.0 = Debug|Any CPU
		{359A44D0-5791-4E11-B202-54B74F21DB35}.Release|Any CPU.ActiveCfg = Release|Any CPU
		{359A44D0-5791-4E11-B202-54B74F21DB35}.Release|Any CPU.Build.0 = Release|Any CPU
		{0537C49C-EE58-4B1F-991E-93E045B5C4BF}.Debug|Any CPU.ActiveCfg = Debug|Any CPU
		{0537C49C-EE58-4B1F-991E-93E045B5C4BF}.Debug|Any CPU.Build.0 = Debug|Any CPU
		{0537C49C-EE58-4B1F-991E-93E045B5C4BF}.Release|Any CPU.ActiveCfg = Release|Any CPU
		{0537C49C-EE58-4B1F-991E-93E045B5C4BF}.Release|Any CPU.Build.0 = Release|Any CPU
		{2E8D4D89-CF6E-49B6-9F9F-D47BEF4870F7}.Debug|Any CPU.ActiveCfg = Debug|Any CPU
		{2E8D4D89-CF6E-49B6-9F9F-D47BEF4870F7}.Debug|Any CPU.Build.0 = Debug|Any CPU
		{2E8D4D89-CF6E-49B6-9F9F-D47BEF4870F7}.Release|Any CPU.ActiveCfg = Release|Any CPU
		{2E8D4D89-CF6E-49B6-9F9F-D47BEF4870F7}.Release|Any CPU.Build.0 = Release|Any CPU
		{9FE668C8-1FC3-4503-8CA1-6C977EC93C55}.Debug|Any CPU.ActiveCfg = Debug|Any CPU
		{9FE668C8-1FC3-4503-8CA1-6C977EC93C55}.Debug|Any CPU.Build.0 = Debug|Any CPU
		{9FE668C8-1FC3-4503-8CA1-6C977EC93C55}.Release|Any CPU.ActiveCfg = Release|Any CPU
		{9FE668C8-1FC3-4503-8CA1-6C977EC93C55}.Release|Any CPU.Build.0 = Release|Any CPU
		{3442465D-18FB-4861-94D5-D46462024D9D}.Debug|Any CPU.ActiveCfg = Debug|Any CPU
		{3442465D-18FB-4861-94D5-D46462024D9D}.Debug|Any CPU.Build.0 = Debug|Any CPU
		{3442465D-18FB-4861-94D5-D46462024D9D}.Release|Any CPU.ActiveCfg = Release|Any CPU
		{3442465D-18FB-4861-94D5-D46462024D9D}.Release|Any CPU.Build.0 = Release|Any CPU
		{FAC90344-F15B-47B0-8559-B17E1D1F660C}.Debug|Any CPU.ActiveCfg = Debug|Any CPU
		{FAC90344-F15B-47B0-8559-B17E1D1F660C}.Debug|Any CPU.Build.0 = Debug|Any CPU
		{FAC90344-F15B-47B0-8559-B17E1D1F660C}.Release|Any CPU.ActiveCfg = Release|Any CPU
		{FAC90344-F15B-47B0-8559-B17E1D1F660C}.Release|Any CPU.Build.0 = Release|Any CPU
		{32010038-7EC9-454C-9D02-4FAAFF4ECC63}.Debug|Any CPU.ActiveCfg = Debug|Any CPU
		{32010038-7EC9-454C-9D02-4FAAFF4ECC63}.Debug|Any CPU.Build.0 = Debug|Any CPU
		{32010038-7EC9-454C-9D02-4FAAFF4ECC63}.Release|Any CPU.ActiveCfg = Release|Any CPU
		{32010038-7EC9-454C-9D02-4FAAFF4ECC63}.Release|Any CPU.Build.0 = Release|Any CPU
		{A2748DC0-2EDD-40C6-8648-7C2F7B418C24}.Debug|Any CPU.ActiveCfg = Debug|Any CPU
		{A2748DC0-2EDD-40C6-8648-7C2F7B418C24}.Debug|Any CPU.Build.0 = Debug|Any CPU
		{A2748DC0-2EDD-40C6-8648-7C2F7B418C24}.Release|Any CPU.ActiveCfg = Release|Any CPU
		{A2748DC0-2EDD-40C6-8648-7C2F7B418C24}.Release|Any CPU.Build.0 = Release|Any CPU
		{20C886D0-E4BA-4897-BEBE-C689AFA48B68}.Debug|Any CPU.ActiveCfg = Debug|Any CPU
		{20C886D0-E4BA-4897-BEBE-C689AFA48B68}.Debug|Any CPU.Build.0 = Debug|Any CPU
		{20C886D0-E4BA-4897-BEBE-C689AFA48B68}.Release|Any CPU.ActiveCfg = Release|Any CPU
		{20C886D0-E4BA-4897-BEBE-C689AFA48B68}.Release|Any CPU.Build.0 = Release|Any CPU
		{F9D269C3-BA4C-4220-AEEC-DC128ACEDB97}.Debug|Any CPU.ActiveCfg = Debug|Any CPU
		{F9D269C3-BA4C-4220-AEEC-DC128ACEDB97}.Debug|Any CPU.Build.0 = Debug|Any CPU
		{F9D269C3-BA4C-4220-AEEC-DC128ACEDB97}.Release|Any CPU.ActiveCfg = Release|Any CPU
		{F9D269C3-BA4C-4220-AEEC-DC128ACEDB97}.Release|Any CPU.Build.0 = Release|Any CPU
		{74490343-5394-4B3D-B592-BD9A7BA4489C}.Debug|Any CPU.ActiveCfg = Debug|Any CPU
		{74490343-5394-4B3D-B592-BD9A7BA4489C}.Debug|Any CPU.Build.0 = Debug|Any CPU
		{74490343-5394-4B3D-B592-BD9A7BA4489C}.Release|Any CPU.ActiveCfg = Release|Any CPU
		{74490343-5394-4B3D-B592-BD9A7BA4489C}.Release|Any CPU.Build.0 = Release|Any CPU
		{E1B1E509-2E43-427A-867E-CA5A48135DC1}.Debug|Any CPU.ActiveCfg = Debug|Any CPU
		{E1B1E509-2E43-427A-867E-CA5A48135DC1}.Debug|Any CPU.Build.0 = Debug|Any CPU
		{E1B1E509-2E43-427A-867E-CA5A48135DC1}.Release|Any CPU.ActiveCfg = Release|Any CPU
		{E1B1E509-2E43-427A-867E-CA5A48135DC1}.Release|Any CPU.Build.0 = Release|Any CPU
		{17AC14B4-E91B-4EC2-95D7-110C0EC5A4B2}.Debug|Any CPU.ActiveCfg = Debug|Any CPU
		{17AC14B4-E91B-4EC2-95D7-110C0EC5A4B2}.Debug|Any CPU.Build.0 = Debug|Any CPU
		{17AC14B4-E91B-4EC2-95D7-110C0EC5A4B2}.Release|Any CPU.ActiveCfg = Release|Any CPU
		{17AC14B4-E91B-4EC2-95D7-110C0EC5A4B2}.Release|Any CPU.Build.0 = Release|Any CPU
		{8FBBD559-82AE-4D63-B617-F61E16CC1471}.Debug|Any CPU.ActiveCfg = Debug|Any CPU
		{8FBBD559-82AE-4D63-B617-F61E16CC1471}.Debug|Any CPU.Build.0 = Debug|Any CPU
		{8FBBD559-82AE-4D63-B617-F61E16CC1471}.Release|Any CPU.ActiveCfg = Release|Any CPU
		{8FBBD559-82AE-4D63-B617-F61E16CC1471}.Release|Any CPU.Build.0 = Release|Any CPU
		{02BDFF7A-A131-4E54-9193-175F5B53C059}.Debug|Any CPU.ActiveCfg = Debug|Any CPU
		{02BDFF7A-A131-4E54-9193-175F5B53C059}.Debug|Any CPU.Build.0 = Debug|Any CPU
		{02BDFF7A-A131-4E54-9193-175F5B53C059}.Release|Any CPU.ActiveCfg = Release|Any CPU
		{02BDFF7A-A131-4E54-9193-175F5B53C059}.Release|Any CPU.Build.0 = Release|Any CPU
		{7D201521-A1A8-4F78-97C3-D4742A92FB80}.Debug|Any CPU.ActiveCfg = Debug|Any CPU
		{7D201521-A1A8-4F78-97C3-D4742A92FB80}.Debug|Any CPU.Build.0 = Debug|Any CPU
		{7D201521-A1A8-4F78-97C3-D4742A92FB80}.Release|Any CPU.ActiveCfg = Release|Any CPU
		{7D201521-A1A8-4F78-97C3-D4742A92FB80}.Release|Any CPU.Build.0 = Release|Any CPU
		{5BD5056B-E771-411A-8A46-01EE1F7301E5}.Debug|Any CPU.ActiveCfg = Debug|Any CPU
		{5BD5056B-E771-411A-8A46-01EE1F7301E5}.Debug|Any CPU.Build.0 = Debug|Any CPU
		{5BD5056B-E771-411A-8A46-01EE1F7301E5}.Release|Any CPU.ActiveCfg = Release|Any CPU
		{5BD5056B-E771-411A-8A46-01EE1F7301E5}.Release|Any CPU.Build.0 = Release|Any CPU
		{94454CEF-C6F2-4A7A-9EA8-39000587345C}.Debug|Any CPU.ActiveCfg = Debug|Any CPU
		{94454CEF-C6F2-4A7A-9EA8-39000587345C}.Debug|Any CPU.Build.0 = Debug|Any CPU
		{94454CEF-C6F2-4A7A-9EA8-39000587345C}.Release|Any CPU.ActiveCfg = Release|Any CPU
		{94454CEF-C6F2-4A7A-9EA8-39000587345C}.Release|Any CPU.Build.0 = Release|Any CPU
		{68981267-E032-4A9D-8CDD-C7C3C8C84735}.Debug|Any CPU.ActiveCfg = Debug|Any CPU
		{68981267-E032-4A9D-8CDD-C7C3C8C84735}.Debug|Any CPU.Build.0 = Debug|Any CPU
		{68981267-E032-4A9D-8CDD-C7C3C8C84735}.Release|Any CPU.ActiveCfg = Release|Any CPU
		{68981267-E032-4A9D-8CDD-C7C3C8C84735}.Release|Any CPU.Build.0 = Release|Any CPU
		{704ED74F-9E89-46D6-94B2-1CB55E03C8EB}.Debug|Any CPU.ActiveCfg = Debug|Any CPU
		{704ED74F-9E89-46D6-94B2-1CB55E03C8EB}.Debug|Any CPU.Build.0 = Debug|Any CPU
		{704ED74F-9E89-46D6-94B2-1CB55E03C8EB}.Release|Any CPU.ActiveCfg = Release|Any CPU
		{704ED74F-9E89-46D6-94B2-1CB55E03C8EB}.Release|Any CPU.Build.0 = Release|Any CPU
		{459109A7-EDCA-40D3-BCE3-EC655BAC3216}.Debug|Any CPU.ActiveCfg = Debug|Any CPU
		{459109A7-EDCA-40D3-BCE3-EC655BAC3216}.Debug|Any CPU.Build.0 = Debug|Any CPU
		{459109A7-EDCA-40D3-BCE3-EC655BAC3216}.Release|Any CPU.ActiveCfg = Release|Any CPU
		{459109A7-EDCA-40D3-BCE3-EC655BAC3216}.Release|Any CPU.Build.0 = Release|Any CPU
		{964846FB-1024-4ACD-A3D6-0476191E3874}.Debug|Any CPU.ActiveCfg = Debug|Any CPU
		{964846FB-1024-4ACD-A3D6-0476191E3874}.Debug|Any CPU.Build.0 = Debug|Any CPU
		{964846FB-1024-4ACD-A3D6-0476191E3874}.Release|Any CPU.ActiveCfg = Release|Any CPU
		{964846FB-1024-4ACD-A3D6-0476191E3874}.Release|Any CPU.Build.0 = Release|Any CPU
		{8FFD72F9-2512-4F88-9F17-0221BE063161}.Debug|Any CPU.ActiveCfg = Debug|Any CPU
		{8FFD72F9-2512-4F88-9F17-0221BE063161}.Debug|Any CPU.Build.0 = Debug|Any CPU
		{8FFD72F9-2512-4F88-9F17-0221BE063161}.Release|Any CPU.ActiveCfg = Release|Any CPU
		{8FFD72F9-2512-4F88-9F17-0221BE063161}.Release|Any CPU.Build.0 = Release|Any CPU
		{E648CD2B-C072-4D6B-B864-6DE115B75910}.Debug|Any CPU.ActiveCfg = Debug|Any CPU
		{E648CD2B-C072-4D6B-B864-6DE115B75910}.Debug|Any CPU.Build.0 = Debug|Any CPU
		{E648CD2B-C072-4D6B-B864-6DE115B75910}.Release|Any CPU.ActiveCfg = Release|Any CPU
		{E648CD2B-C072-4D6B-B864-6DE115B75910}.Release|Any CPU.Build.0 = Release|Any CPU
		{C4278C3A-A9EC-4C25-834D-1A63F4562C0E}.Debug|Any CPU.ActiveCfg = Debug|Any CPU
		{C4278C3A-A9EC-4C25-834D-1A63F4562C0E}.Debug|Any CPU.Build.0 = Debug|Any CPU
		{C4278C3A-A9EC-4C25-834D-1A63F4562C0E}.Release|Any CPU.ActiveCfg = Release|Any CPU
		{C4278C3A-A9EC-4C25-834D-1A63F4562C0E}.Release|Any CPU.Build.0 = Release|Any CPU
		{A5679F59-3F3B-4A00-AC26-C75277CD8A1C}.Debug|Any CPU.ActiveCfg = Debug|Any CPU
		{A5679F59-3F3B-4A00-AC26-C75277CD8A1C}.Debug|Any CPU.Build.0 = Debug|Any CPU
		{A5679F59-3F3B-4A00-AC26-C75277CD8A1C}.Release|Any CPU.ActiveCfg = Release|Any CPU
		{A5679F59-3F3B-4A00-AC26-C75277CD8A1C}.Release|Any CPU.Build.0 = Release|Any CPU
		{366E7CFD-FEB3-495C-BDA8-E219571C0FDB}.Debug|Any CPU.ActiveCfg = Debug|Any CPU
		{366E7CFD-FEB3-495C-BDA8-E219571C0FDB}.Debug|Any CPU.Build.0 = Debug|Any CPU
		{366E7CFD-FEB3-495C-BDA8-E219571C0FDB}.Release|Any CPU.ActiveCfg = Release|Any CPU
		{366E7CFD-FEB3-495C-BDA8-E219571C0FDB}.Release|Any CPU.Build.0 = Release|Any CPU
		{DA68F6E8-7B74-4E36-958E-68611C9315CB}.Debug|Any CPU.ActiveCfg = Debug|Any CPU
		{DA68F6E8-7B74-4E36-958E-68611C9315CB}.Debug|Any CPU.Build.0 = Debug|Any CPU
		{DA68F6E8-7B74-4E36-958E-68611C9315CB}.Release|Any CPU.ActiveCfg = Release|Any CPU
		{DA68F6E8-7B74-4E36-958E-68611C9315CB}.Release|Any CPU.Build.0 = Release|Any CPU
		{199AC08B-E6B6-4980-A2CA-56320744D5B0}.Debug|Any CPU.ActiveCfg = Debug|Any CPU
		{199AC08B-E6B6-4980-A2CA-56320744D5B0}.Debug|Any CPU.Build.0 = Debug|Any CPU
		{199AC08B-E6B6-4980-A2CA-56320744D5B0}.Release|Any CPU.ActiveCfg = Release|Any CPU
		{199AC08B-E6B6-4980-A2CA-56320744D5B0}.Release|Any CPU.Build.0 = Release|Any CPU
		{D5BB1EE0-E50C-4750-9A11-13693898CF03}.Debug|Any CPU.ActiveCfg = Debug|Any CPU
		{D5BB1EE0-E50C-4750-9A11-13693898CF03}.Debug|Any CPU.Build.0 = Debug|Any CPU
		{D5BB1EE0-E50C-4750-9A11-13693898CF03}.Release|Any CPU.ActiveCfg = Release|Any CPU
		{D5BB1EE0-E50C-4750-9A11-13693898CF03}.Release|Any CPU.Build.0 = Release|Any CPU
		{030F5000-F402-484F-9925-BC835C432CC1}.Debug|Any CPU.ActiveCfg = Debug|Any CPU
		{030F5000-F402-484F-9925-BC835C432CC1}.Debug|Any CPU.Build.0 = Debug|Any CPU
		{030F5000-F402-484F-9925-BC835C432CC1}.Release|Any CPU.ActiveCfg = Release|Any CPU
		{030F5000-F402-484F-9925-BC835C432CC1}.Release|Any CPU.Build.0 = Release|Any CPU
		{5A608740-95AD-4A82-93C8-14C6F5BC15D9}.Debug|Any CPU.ActiveCfg = Debug|Any CPU
		{5A608740-95AD-4A82-93C8-14C6F5BC15D9}.Debug|Any CPU.Build.0 = Debug|Any CPU
		{5A608740-95AD-4A82-93C8-14C6F5BC15D9}.Release|Any CPU.ActiveCfg = Release|Any CPU
		{5A608740-95AD-4A82-93C8-14C6F5BC15D9}.Release|Any CPU.Build.0 = Release|Any CPU
		{B67B9496-BF53-4439-A9EA-0A92287BB4B0}.Debug|Any CPU.ActiveCfg = Debug|Any CPU
		{B67B9496-BF53-4439-A9EA-0A92287BB4B0}.Debug|Any CPU.Build.0 = Debug|Any CPU
		{B67B9496-BF53-4439-A9EA-0A92287BB4B0}.Release|Any CPU.ActiveCfg = Release|Any CPU
		{B67B9496-BF53-4439-A9EA-0A92287BB4B0}.Release|Any CPU.Build.0 = Release|Any CPU
		{F5F8B66B-363A-4D85-B8D6-A9A6803E21CE}.Debug|Any CPU.ActiveCfg = Debug|Any CPU
		{F5F8B66B-363A-4D85-B8D6-A9A6803E21CE}.Debug|Any CPU.Build.0 = Debug|Any CPU
		{F5F8B66B-363A-4D85-B8D6-A9A6803E21CE}.Release|Any CPU.ActiveCfg = Release|Any CPU
		{F5F8B66B-363A-4D85-B8D6-A9A6803E21CE}.Release|Any CPU.Build.0 = Release|Any CPU
		{26EAC489-FF1A-4327-9606-AD04243BC0AA}.Debug|Any CPU.ActiveCfg = Debug|Any CPU
		{26EAC489-FF1A-4327-9606-AD04243BC0AA}.Debug|Any CPU.Build.0 = Debug|Any CPU
		{26EAC489-FF1A-4327-9606-AD04243BC0AA}.Release|Any CPU.ActiveCfg = Release|Any CPU
		{26EAC489-FF1A-4327-9606-AD04243BC0AA}.Release|Any CPU.Build.0 = Release|Any CPU
		{579105B2-97C9-4D9E-B5F2-459D02EE5597}.Debug|Any CPU.ActiveCfg = Debug|Any CPU
		{579105B2-97C9-4D9E-B5F2-459D02EE5597}.Debug|Any CPU.Build.0 = Debug|Any CPU
		{579105B2-97C9-4D9E-B5F2-459D02EE5597}.Release|Any CPU.ActiveCfg = Release|Any CPU
		{579105B2-97C9-4D9E-B5F2-459D02EE5597}.Release|Any CPU.Build.0 = Release|Any CPU
		{D814117D-CD77-41B8-9037-A274971240B6}.Debug|Any CPU.ActiveCfg = Debug|Any CPU
		{D814117D-CD77-41B8-9037-A274971240B6}.Debug|Any CPU.Build.0 = Debug|Any CPU
		{D814117D-CD77-41B8-9037-A274971240B6}.Release|Any CPU.ActiveCfg = Release|Any CPU
		{D814117D-CD77-41B8-9037-A274971240B6}.Release|Any CPU.Build.0 = Release|Any CPU
		{7DE1D427-3A29-4E5A-A4EC-6AD82EF9AEB3}.Debug|Any CPU.ActiveCfg = Debug|Any CPU
		{7DE1D427-3A29-4E5A-A4EC-6AD82EF9AEB3}.Debug|Any CPU.Build.0 = Debug|Any CPU
		{7DE1D427-3A29-4E5A-A4EC-6AD82EF9AEB3}.Release|Any CPU.ActiveCfg = Release|Any CPU
		{7DE1D427-3A29-4E5A-A4EC-6AD82EF9AEB3}.Release|Any CPU.Build.0 = Release|Any CPU
		{2047EE74-AE5F-4BFD-AB99-BDB62BF8FC5D}.Debug|Any CPU.ActiveCfg = Debug|Any CPU
		{2047EE74-AE5F-4BFD-AB99-BDB62BF8FC5D}.Debug|Any CPU.Build.0 = Debug|Any CPU
		{2047EE74-AE5F-4BFD-AB99-BDB62BF8FC5D}.Release|Any CPU.ActiveCfg = Release|Any CPU
		{2047EE74-AE5F-4BFD-AB99-BDB62BF8FC5D}.Release|Any CPU.Build.0 = Release|Any CPU
		{2100016F-63FB-4C6C-866F-4BE874311EB7}.Debug|Any CPU.ActiveCfg = Debug|Any CPU
		{2100016F-63FB-4C6C-866F-4BE874311EB7}.Debug|Any CPU.Build.0 = Debug|Any CPU
		{2100016F-63FB-4C6C-866F-4BE874311EB7}.Release|Any CPU.ActiveCfg = Release|Any CPU
		{2100016F-63FB-4C6C-866F-4BE874311EB7}.Release|Any CPU.Build.0 = Release|Any CPU
		{45E588D3-ACCF-4881-BC41-C05F7A3E7723}.Debug|Any CPU.ActiveCfg = Debug|Any CPU
		{45E588D3-ACCF-4881-BC41-C05F7A3E7723}.Debug|Any CPU.Build.0 = Debug|Any CPU
		{45E588D3-ACCF-4881-BC41-C05F7A3E7723}.Release|Any CPU.ActiveCfg = Release|Any CPU
		{45E588D3-ACCF-4881-BC41-C05F7A3E7723}.Release|Any CPU.Build.0 = Release|Any CPU
		{B871B513-B9BF-4470-B112-5A9C407C3AF4}.Debug|Any CPU.ActiveCfg = Debug|Any CPU
		{B871B513-B9BF-4470-B112-5A9C407C3AF4}.Debug|Any CPU.Build.0 = Debug|Any CPU
		{B871B513-B9BF-4470-B112-5A9C407C3AF4}.Release|Any CPU.ActiveCfg = Release|Any CPU
		{B871B513-B9BF-4470-B112-5A9C407C3AF4}.Release|Any CPU.Build.0 = Release|Any CPU
		{7B62ADE9-A7BF-4A33-9BD9-9E564A943AC8}.Debug|Any CPU.ActiveCfg = Debug|Any CPU
		{7B62ADE9-A7BF-4A33-9BD9-9E564A943AC8}.Debug|Any CPU.Build.0 = Debug|Any CPU
		{7B62ADE9-A7BF-4A33-9BD9-9E564A943AC8}.Release|Any CPU.ActiveCfg = Release|Any CPU
		{7B62ADE9-A7BF-4A33-9BD9-9E564A943AC8}.Release|Any CPU.Build.0 = Release|Any CPU
		{657360C1-7C00-43C4-8461-9B3E8F3ACC3F}.Debug|Any CPU.ActiveCfg = Debug|Any CPU
		{657360C1-7C00-43C4-8461-9B3E8F3ACC3F}.Debug|Any CPU.Build.0 = Debug|Any CPU
		{657360C1-7C00-43C4-8461-9B3E8F3ACC3F}.Release|Any CPU.ActiveCfg = Release|Any CPU
		{657360C1-7C00-43C4-8461-9B3E8F3ACC3F}.Release|Any CPU.Build.0 = Release|Any CPU
		{1D6A6F79-7B0D-4292-806D-7EBFA0A83378}.Debug|Any CPU.ActiveCfg = Debug|Any CPU
		{1D6A6F79-7B0D-4292-806D-7EBFA0A83378}.Debug|Any CPU.Build.0 = Debug|Any CPU
		{1D6A6F79-7B0D-4292-806D-7EBFA0A83378}.Release|Any CPU.ActiveCfg = Release|Any CPU
		{1D6A6F79-7B0D-4292-806D-7EBFA0A83378}.Release|Any CPU.Build.0 = Release|Any CPU
		{FFE606BF-E8A0-4FDC-BEB7-199247534FB9}.Debug|Any CPU.ActiveCfg = Debug|Any CPU
		{FFE606BF-E8A0-4FDC-BEB7-199247534FB9}.Debug|Any CPU.Build.0 = Debug|Any CPU
		{FFE606BF-E8A0-4FDC-BEB7-199247534FB9}.Release|Any CPU.ActiveCfg = Release|Any CPU
		{FFE606BF-E8A0-4FDC-BEB7-199247534FB9}.Release|Any CPU.Build.0 = Release|Any CPU
		{FE7A9481-4F5A-4CF4-BF6C-83587ACF400A}.Debug|Any CPU.ActiveCfg = Debug|Any CPU
		{FE7A9481-4F5A-4CF4-BF6C-83587ACF400A}.Debug|Any CPU.Build.0 = Debug|Any CPU
		{FE7A9481-4F5A-4CF4-BF6C-83587ACF400A}.Release|Any CPU.ActiveCfg = Release|Any CPU
		{FE7A9481-4F5A-4CF4-BF6C-83587ACF400A}.Release|Any CPU.Build.0 = Release|Any CPU
		{83B1A698-5252-44CE-BA9E-2AC8DF53782F}.Debug|Any CPU.ActiveCfg = Debug|Any CPU
		{83B1A698-5252-44CE-BA9E-2AC8DF53782F}.Debug|Any CPU.Build.0 = Debug|Any CPU
		{83B1A698-5252-44CE-BA9E-2AC8DF53782F}.Release|Any CPU.ActiveCfg = Release|Any CPU
		{83B1A698-5252-44CE-BA9E-2AC8DF53782F}.Release|Any CPU.Build.0 = Release|Any CPU
		{7608FC74-D0BC-4C16-8139-FCDCA6AAD1FB}.Debug|Any CPU.ActiveCfg = Debug|Any CPU
		{7608FC74-D0BC-4C16-8139-FCDCA6AAD1FB}.Debug|Any CPU.Build.0 = Debug|Any CPU
		{7608FC74-D0BC-4C16-8139-FCDCA6AAD1FB}.Release|Any CPU.ActiveCfg = Release|Any CPU
		{7608FC74-D0BC-4C16-8139-FCDCA6AAD1FB}.Release|Any CPU.Build.0 = Release|Any CPU
		{07302B48-4E12-44EC-AB84-0105B518C491}.Debug|Any CPU.ActiveCfg = Debug|Any CPU
		{07302B48-4E12-44EC-AB84-0105B518C491}.Debug|Any CPU.Build.0 = Debug|Any CPU
		{07302B48-4E12-44EC-AB84-0105B518C491}.Release|Any CPU.ActiveCfg = Release|Any CPU
		{07302B48-4E12-44EC-AB84-0105B518C491}.Release|Any CPU.Build.0 = Release|Any CPU
		{DD1EDE06-C088-4DF8-8459-682D13920A3C}.Debug|Any CPU.ActiveCfg = Debug|Any CPU
		{DD1EDE06-C088-4DF8-8459-682D13920A3C}.Debug|Any CPU.Build.0 = Debug|Any CPU
		{DD1EDE06-C088-4DF8-8459-682D13920A3C}.Release|Any CPU.ActiveCfg = Release|Any CPU
		{DD1EDE06-C088-4DF8-8459-682D13920A3C}.Release|Any CPU.Build.0 = Release|Any CPU
		{9F7F20C6-8CBE-473A-9ADC-D58E8B4F48B2}.Debug|Any CPU.ActiveCfg = Debug|Any CPU
		{9F7F20C6-8CBE-473A-9ADC-D58E8B4F48B2}.Debug|Any CPU.Build.0 = Debug|Any CPU
		{9F7F20C6-8CBE-473A-9ADC-D58E8B4F48B2}.Release|Any CPU.ActiveCfg = Release|Any CPU
		{9F7F20C6-8CBE-473A-9ADC-D58E8B4F48B2}.Release|Any CPU.Build.0 = Release|Any CPU
		{863C37DE-15E0-45DE-B495-36B76856A547}.Debug|Any CPU.ActiveCfg = Debug|Any CPU
		{863C37DE-15E0-45DE-B495-36B76856A547}.Debug|Any CPU.Build.0 = Debug|Any CPU
		{863C37DE-15E0-45DE-B495-36B76856A547}.Release|Any CPU.ActiveCfg = Release|Any CPU
		{863C37DE-15E0-45DE-B495-36B76856A547}.Release|Any CPU.Build.0 = Release|Any CPU
		{D5A5FEF3-8AB8-4EF9-856F-3C9B8946EF64}.Debug|Any CPU.ActiveCfg = Debug|Any CPU
		{D5A5FEF3-8AB8-4EF9-856F-3C9B8946EF64}.Debug|Any CPU.Build.0 = Debug|Any CPU
		{D5A5FEF3-8AB8-4EF9-856F-3C9B8946EF64}.Release|Any CPU.ActiveCfg = Release|Any CPU
		{D5A5FEF3-8AB8-4EF9-856F-3C9B8946EF64}.Release|Any CPU.Build.0 = Release|Any CPU
		{760C75D8-8EAF-46D7-A1DE-D68F016BCEA6}.Debug|Any CPU.ActiveCfg = Debug|Any CPU
		{760C75D8-8EAF-46D7-A1DE-D68F016BCEA6}.Debug|Any CPU.Build.0 = Debug|Any CPU
		{760C75D8-8EAF-46D7-A1DE-D68F016BCEA6}.Release|Any CPU.ActiveCfg = Release|Any CPU
		{760C75D8-8EAF-46D7-A1DE-D68F016BCEA6}.Release|Any CPU.Build.0 = Release|Any CPU
		{83223E50-0EA0-4768-9332-7E6F794C0674}.Debug|Any CPU.ActiveCfg = Debug|Any CPU
		{83223E50-0EA0-4768-9332-7E6F794C0674}.Debug|Any CPU.Build.0 = Debug|Any CPU
		{83223E50-0EA0-4768-9332-7E6F794C0674}.Release|Any CPU.ActiveCfg = Release|Any CPU
		{83223E50-0EA0-4768-9332-7E6F794C0674}.Release|Any CPU.Build.0 = Release|Any CPU
		{F182C62C-E2E6-4DB0-9A4C-A671632FC304}.Debug|Any CPU.ActiveCfg = Debug|Any CPU
		{F182C62C-E2E6-4DB0-9A4C-A671632FC304}.Debug|Any CPU.Build.0 = Debug|Any CPU
		{F182C62C-E2E6-4DB0-9A4C-A671632FC304}.Release|Any CPU.ActiveCfg = Release|Any CPU
		{F182C62C-E2E6-4DB0-9A4C-A671632FC304}.Release|Any CPU.Build.0 = Release|Any CPU
		{CA56E925-9CB6-4009-9E3F-A264442E7F76}.Debug|Any CPU.ActiveCfg = Debug|Any CPU
		{CA56E925-9CB6-4009-9E3F-A264442E7F76}.Debug|Any CPU.Build.0 = Debug|Any CPU
		{CA56E925-9CB6-4009-9E3F-A264442E7F76}.Release|Any CPU.ActiveCfg = Release|Any CPU
		{CA56E925-9CB6-4009-9E3F-A264442E7F76}.Release|Any CPU.Build.0 = Release|Any CPU
		{09BF6912-3A85-4035-84AF-80ADA7804858}.Debug|Any CPU.ActiveCfg = Debug|Any CPU
		{09BF6912-3A85-4035-84AF-80ADA7804858}.Debug|Any CPU.Build.0 = Debug|Any CPU
		{09BF6912-3A85-4035-84AF-80ADA7804858}.Release|Any CPU.ActiveCfg = Release|Any CPU
		{09BF6912-3A85-4035-84AF-80ADA7804858}.Release|Any CPU.Build.0 = Release|Any CPU
		{B9288173-3372-4594-8D3B-CBF017128C32}.Debug|Any CPU.ActiveCfg = Debug|Any CPU
		{B9288173-3372-4594-8D3B-CBF017128C32}.Debug|Any CPU.Build.0 = Debug|Any CPU
		{B9288173-3372-4594-8D3B-CBF017128C32}.Release|Any CPU.ActiveCfg = Release|Any CPU
		{B9288173-3372-4594-8D3B-CBF017128C32}.Release|Any CPU.Build.0 = Release|Any CPU
		{F895A4D8-8C33-40EB-8D7E-02F7418C719A}.Debug|Any CPU.ActiveCfg = Debug|Any CPU
		{F895A4D8-8C33-40EB-8D7E-02F7418C719A}.Debug|Any CPU.Build.0 = Debug|Any CPU
		{F895A4D8-8C33-40EB-8D7E-02F7418C719A}.Release|Any CPU.ActiveCfg = Release|Any CPU
		{F895A4D8-8C33-40EB-8D7E-02F7418C719A}.Release|Any CPU.Build.0 = Release|Any CPU
		{A9018547-CF02-4A51-AC1F-21A539D49170}.Debug|Any CPU.ActiveCfg = Debug|Any CPU
		{A9018547-CF02-4A51-AC1F-21A539D49170}.Debug|Any CPU.Build.0 = Debug|Any CPU
		{A9018547-CF02-4A51-AC1F-21A539D49170}.Release|Any CPU.ActiveCfg = Release|Any CPU
		{A9018547-CF02-4A51-AC1F-21A539D49170}.Release|Any CPU.Build.0 = Release|Any CPU
		{35749FA3-82F9-408C-82E9-89D78FB03C28}.Debug|Any CPU.ActiveCfg = Debug|Any CPU
		{35749FA3-82F9-408C-82E9-89D78FB03C28}.Debug|Any CPU.Build.0 = Debug|Any CPU
		{35749FA3-82F9-408C-82E9-89D78FB03C28}.Release|Any CPU.ActiveCfg = Release|Any CPU
		{35749FA3-82F9-408C-82E9-89D78FB03C28}.Release|Any CPU.Build.0 = Release|Any CPU
		{BFAD2D7F-0818-4EAA-B78D-71243F7CDA98}.Debug|Any CPU.ActiveCfg = Debug|Any CPU
		{BFAD2D7F-0818-4EAA-B78D-71243F7CDA98}.Debug|Any CPU.Build.0 = Debug|Any CPU
		{BFAD2D7F-0818-4EAA-B78D-71243F7CDA98}.Release|Any CPU.ActiveCfg = Release|Any CPU
		{BFAD2D7F-0818-4EAA-B78D-71243F7CDA98}.Release|Any CPU.Build.0 = Release|Any CPU
		{C816ED01-F554-4BED-9B1D-70947C5F4A06}.Debug|Any CPU.ActiveCfg = Debug|Any CPU
		{C816ED01-F554-4BED-9B1D-70947C5F4A06}.Debug|Any CPU.Build.0 = Debug|Any CPU
		{C816ED01-F554-4BED-9B1D-70947C5F4A06}.Release|Any CPU.ActiveCfg = Release|Any CPU
		{C816ED01-F554-4BED-9B1D-70947C5F4A06}.Release|Any CPU.Build.0 = Release|Any CPU
		{D1EAB5BC-B9C0-4E65-B021-6423A6327C1C}.Debug|Any CPU.ActiveCfg = Debug|Any CPU
		{D1EAB5BC-B9C0-4E65-B021-6423A6327C1C}.Debug|Any CPU.Build.0 = Debug|Any CPU
		{D1EAB5BC-B9C0-4E65-B021-6423A6327C1C}.Release|Any CPU.ActiveCfg = Release|Any CPU
		{D1EAB5BC-B9C0-4E65-B021-6423A6327C1C}.Release|Any CPU.Build.0 = Release|Any CPU
		{3AB44248-230B-445C-A7A1-770988351ECF}.Debug|Any CPU.ActiveCfg = Debug|Any CPU
		{3AB44248-230B-445C-A7A1-770988351ECF}.Debug|Any CPU.Build.0 = Debug|Any CPU
		{3AB44248-230B-445C-A7A1-770988351ECF}.Release|Any CPU.ActiveCfg = Release|Any CPU
		{3AB44248-230B-445C-A7A1-770988351ECF}.Release|Any CPU.Build.0 = Release|Any CPU
		{D26F63B4-BE8D-4C79-AAE2-1C4DEA239BB0}.Debug|Any CPU.ActiveCfg = Debug|Any CPU
		{D26F63B4-BE8D-4C79-AAE2-1C4DEA239BB0}.Debug|Any CPU.Build.0 = Debug|Any CPU
		{D26F63B4-BE8D-4C79-AAE2-1C4DEA239BB0}.Release|Any CPU.ActiveCfg = Release|Any CPU
		{D26F63B4-BE8D-4C79-AAE2-1C4DEA239BB0}.Release|Any CPU.Build.0 = Release|Any CPU
		{2F4F8720-D1F7-4634-9B05-B6D9D689AB49}.Debug|Any CPU.ActiveCfg = Debug|Any CPU
		{2F4F8720-D1F7-4634-9B05-B6D9D689AB49}.Debug|Any CPU.Build.0 = Debug|Any CPU
		{2F4F8720-D1F7-4634-9B05-B6D9D689AB49}.Release|Any CPU.ActiveCfg = Release|Any CPU
		{2F4F8720-D1F7-4634-9B05-B6D9D689AB49}.Release|Any CPU.Build.0 = Release|Any CPU
		{6820B724-68C3-4642-B1E4-61B659DA0B36}.Debug|Any CPU.ActiveCfg = Debug|Any CPU
		{6820B724-68C3-4642-B1E4-61B659DA0B36}.Debug|Any CPU.Build.0 = Debug|Any CPU
		{6820B724-68C3-4642-B1E4-61B659DA0B36}.Release|Any CPU.ActiveCfg = Release|Any CPU
		{6820B724-68C3-4642-B1E4-61B659DA0B36}.Release|Any CPU.Build.0 = Release|Any CPU
		{D8FD9FE5-420A-4FE4-9BAF-66C8100700C8}.Debug|Any CPU.ActiveCfg = Debug|Any CPU
		{D8FD9FE5-420A-4FE4-9BAF-66C8100700C8}.Debug|Any CPU.Build.0 = Debug|Any CPU
		{D8FD9FE5-420A-4FE4-9BAF-66C8100700C8}.Release|Any CPU.ActiveCfg = Release|Any CPU
		{D8FD9FE5-420A-4FE4-9BAF-66C8100700C8}.Release|Any CPU.Build.0 = Release|Any CPU
		{447B7EF9-E9C5-493D-9259-85212F3BE2B7}.Debug|Any CPU.ActiveCfg = Debug|Any CPU
		{447B7EF9-E9C5-493D-9259-85212F3BE2B7}.Debug|Any CPU.Build.0 = Debug|Any CPU
		{447B7EF9-E9C5-493D-9259-85212F3BE2B7}.Release|Any CPU.ActiveCfg = Release|Any CPU
		{447B7EF9-E9C5-493D-9259-85212F3BE2B7}.Release|Any CPU.Build.0 = Release|Any CPU
		{709D472A-48CE-4BEC-A0F3-44D644187A8B}.Debug|Any CPU.ActiveCfg = Debug|Any CPU
		{709D472A-48CE-4BEC-A0F3-44D644187A8B}.Debug|Any CPU.Build.0 = Debug|Any CPU
		{709D472A-48CE-4BEC-A0F3-44D644187A8B}.Release|Any CPU.ActiveCfg = Release|Any CPU
		{709D472A-48CE-4BEC-A0F3-44D644187A8B}.Release|Any CPU.Build.0 = Release|Any CPU
		{C9AE1098-0153-4702-A868-77A74F7F8E84}.Debug|Any CPU.ActiveCfg = Debug|Any CPU
		{C9AE1098-0153-4702-A868-77A74F7F8E84}.Debug|Any CPU.Build.0 = Debug|Any CPU
		{C9AE1098-0153-4702-A868-77A74F7F8E84}.Release|Any CPU.ActiveCfg = Release|Any CPU
		{C9AE1098-0153-4702-A868-77A74F7F8E84}.Release|Any CPU.Build.0 = Release|Any CPU
		{2B1C109E-26BB-4670-9ED2-252286D4BA78}.Debug|Any CPU.ActiveCfg = Debug|Any CPU
		{2B1C109E-26BB-4670-9ED2-252286D4BA78}.Debug|Any CPU.Build.0 = Debug|Any CPU
		{2B1C109E-26BB-4670-9ED2-252286D4BA78}.Release|Any CPU.ActiveCfg = Release|Any CPU
		{2B1C109E-26BB-4670-9ED2-252286D4BA78}.Release|Any CPU.Build.0 = Release|Any CPU
		{9F3C71A9-C9EB-47D5-B360-269A452AC063}.Debug|Any CPU.ActiveCfg = Debug|Any CPU
		{9F3C71A9-C9EB-47D5-B360-269A452AC063}.Debug|Any CPU.Build.0 = Debug|Any CPU
		{9F3C71A9-C9EB-47D5-B360-269A452AC063}.Release|Any CPU.ActiveCfg = Release|Any CPU
		{9F3C71A9-C9EB-47D5-B360-269A452AC063}.Release|Any CPU.Build.0 = Release|Any CPU
		{78AD9BD8-B7B7-4EB1-8DF4-BEB30B8FD2F4}.Debug|Any CPU.ActiveCfg = Debug|Any CPU
		{78AD9BD8-B7B7-4EB1-8DF4-BEB30B8FD2F4}.Debug|Any CPU.Build.0 = Debug|Any CPU
		{78AD9BD8-B7B7-4EB1-8DF4-BEB30B8FD2F4}.Release|Any CPU.ActiveCfg = Release|Any CPU
		{78AD9BD8-B7B7-4EB1-8DF4-BEB30B8FD2F4}.Release|Any CPU.Build.0 = Release|Any CPU
		{04DE8932-18FE-4B69-8171-065931EA91FE}.Debug|Any CPU.ActiveCfg = Debug|Any CPU
		{04DE8932-18FE-4B69-8171-065931EA91FE}.Debug|Any CPU.Build.0 = Debug|Any CPU
		{04DE8932-18FE-4B69-8171-065931EA91FE}.Release|Any CPU.ActiveCfg = Release|Any CPU
		{04DE8932-18FE-4B69-8171-065931EA91FE}.Release|Any CPU.Build.0 = Release|Any CPU
		{128E813B-2DAD-4ACD-A916-4B9B82BEACB3}.Debug|Any CPU.ActiveCfg = Debug|Any CPU
		{128E813B-2DAD-4ACD-A916-4B9B82BEACB3}.Debug|Any CPU.Build.0 = Debug|Any CPU
		{128E813B-2DAD-4ACD-A916-4B9B82BEACB3}.Release|Any CPU.ActiveCfg = Release|Any CPU
		{128E813B-2DAD-4ACD-A916-4B9B82BEACB3}.Release|Any CPU.Build.0 = Release|Any CPU
		{D9A6D622-079A-4CA0-B285-E9212F6078D0}.Debug|Any CPU.ActiveCfg = Debug|Any CPU
		{D9A6D622-079A-4CA0-B285-E9212F6078D0}.Debug|Any CPU.Build.0 = Debug|Any CPU
		{D9A6D622-079A-4CA0-B285-E9212F6078D0}.Release|Any CPU.ActiveCfg = Release|Any CPU
		{D9A6D622-079A-4CA0-B285-E9212F6078D0}.Release|Any CPU.Build.0 = Release|Any CPU
		{F743C73B-50E4-4767-8E97-9DFA61FAFB88}.Debug|Any CPU.ActiveCfg = Debug|Any CPU
		{F743C73B-50E4-4767-8E97-9DFA61FAFB88}.Debug|Any CPU.Build.0 = Debug|Any CPU
		{F743C73B-50E4-4767-8E97-9DFA61FAFB88}.Release|Any CPU.ActiveCfg = Release|Any CPU
		{F743C73B-50E4-4767-8E97-9DFA61FAFB88}.Release|Any CPU.Build.0 = Release|Any CPU
		{897D7A02-D879-4D18-90CB-D146DEE7D831}.Debug|Any CPU.ActiveCfg = Debug|Any CPU
		{897D7A02-D879-4D18-90CB-D146DEE7D831}.Debug|Any CPU.Build.0 = Debug|Any CPU
		{897D7A02-D879-4D18-90CB-D146DEE7D831}.Release|Any CPU.ActiveCfg = Release|Any CPU
		{897D7A02-D879-4D18-90CB-D146DEE7D831}.Release|Any CPU.Build.0 = Release|Any CPU
		{4BC74EBF-ADBE-425F-B718-310C9B09F142}.Debug|Any CPU.ActiveCfg = Debug|Any CPU
		{4BC74EBF-ADBE-425F-B718-310C9B09F142}.Debug|Any CPU.Build.0 = Debug|Any CPU
		{4BC74EBF-ADBE-425F-B718-310C9B09F142}.Release|Any CPU.ActiveCfg = Release|Any CPU
		{4BC74EBF-ADBE-425F-B718-310C9B09F142}.Release|Any CPU.Build.0 = Release|Any CPU
		{470E1A3C-600F-4F08-A3F6-45667FDCC302}.Debug|Any CPU.ActiveCfg = Debug|Any CPU
		{470E1A3C-600F-4F08-A3F6-45667FDCC302}.Debug|Any CPU.Build.0 = Debug|Any CPU
		{470E1A3C-600F-4F08-A3F6-45667FDCC302}.Release|Any CPU.ActiveCfg = Release|Any CPU
		{470E1A3C-600F-4F08-A3F6-45667FDCC302}.Release|Any CPU.Build.0 = Release|Any CPU
		{87DF596B-1A26-4EC0-902F-680C3DBF51FC}.Debug|Any CPU.ActiveCfg = Debug|Any CPU
		{87DF596B-1A26-4EC0-902F-680C3DBF51FC}.Debug|Any CPU.Build.0 = Debug|Any CPU
		{87DF596B-1A26-4EC0-902F-680C3DBF51FC}.Release|Any CPU.ActiveCfg = Release|Any CPU
		{87DF596B-1A26-4EC0-902F-680C3DBF51FC}.Release|Any CPU.Build.0 = Release|Any CPU
		{369ABD27-9942-4F9E-BDB3-DDCED51B2822}.Debug|Any CPU.ActiveCfg = Debug|Any CPU
		{369ABD27-9942-4F9E-BDB3-DDCED51B2822}.Debug|Any CPU.Build.0 = Debug|Any CPU
		{369ABD27-9942-4F9E-BDB3-DDCED51B2822}.Release|Any CPU.ActiveCfg = Release|Any CPU
		{369ABD27-9942-4F9E-BDB3-DDCED51B2822}.Release|Any CPU.Build.0 = Release|Any CPU
		{25B5C890-F1D0-49C4-AED2-9A3DF6F33FB4}.Debug|Any CPU.ActiveCfg = Debug|Any CPU
		{25B5C890-F1D0-49C4-AED2-9A3DF6F33FB4}.Debug|Any CPU.Build.0 = Debug|Any CPU
		{25B5C890-F1D0-49C4-AED2-9A3DF6F33FB4}.Release|Any CPU.ActiveCfg = Release|Any CPU
		{25B5C890-F1D0-49C4-AED2-9A3DF6F33FB4}.Release|Any CPU.Build.0 = Release|Any CPU
		{1EB55CC0-A188-41E2-A8EB-2C7A1E73F69D}.Debug|Any CPU.ActiveCfg = Debug|Any CPU
		{1EB55CC0-A188-41E2-A8EB-2C7A1E73F69D}.Debug|Any CPU.Build.0 = Debug|Any CPU
		{1EB55CC0-A188-41E2-A8EB-2C7A1E73F69D}.Release|Any CPU.ActiveCfg = Release|Any CPU
		{1EB55CC0-A188-41E2-A8EB-2C7A1E73F69D}.Release|Any CPU.Build.0 = Release|Any CPU
		{DB2EF0BF-2375-4968-83D5-9C6C90FDE9AB}.Debug|Any CPU.ActiveCfg = Debug|Any CPU
		{DB2EF0BF-2375-4968-83D5-9C6C90FDE9AB}.Debug|Any CPU.Build.0 = Debug|Any CPU
		{DB2EF0BF-2375-4968-83D5-9C6C90FDE9AB}.Release|Any CPU.ActiveCfg = Release|Any CPU
		{DB2EF0BF-2375-4968-83D5-9C6C90FDE9AB}.Release|Any CPU.Build.0 = Release|Any CPU
		{AD91F41B-E280-4EBA-AB5C-295FD62AF139}.Debug|Any CPU.ActiveCfg = Debug|Any CPU
		{AD91F41B-E280-4EBA-AB5C-295FD62AF139}.Debug|Any CPU.Build.0 = Debug|Any CPU
		{AD91F41B-E280-4EBA-AB5C-295FD62AF139}.Release|Any CPU.ActiveCfg = Release|Any CPU
		{AD91F41B-E280-4EBA-AB5C-295FD62AF139}.Release|Any CPU.Build.0 = Release|Any CPU
		{B8549293-3AC4-4F35-B080-3027B8760AAE}.Debug|Any CPU.ActiveCfg = Debug|Any CPU
		{B8549293-3AC4-4F35-B080-3027B8760AAE}.Debug|Any CPU.Build.0 = Debug|Any CPU
		{B8549293-3AC4-4F35-B080-3027B8760AAE}.Release|Any CPU.ActiveCfg = Release|Any CPU
		{B8549293-3AC4-4F35-B080-3027B8760AAE}.Release|Any CPU.Build.0 = Release|Any CPU
		{7F3BD0AD-06D9-4020-AF2B-AB80BE131869}.Debug|Any CPU.ActiveCfg = Debug|Any CPU
		{7F3BD0AD-06D9-4020-AF2B-AB80BE131869}.Debug|Any CPU.Build.0 = Debug|Any CPU
		{7F3BD0AD-06D9-4020-AF2B-AB80BE131869}.Release|Any CPU.ActiveCfg = Release|Any CPU
		{7F3BD0AD-06D9-4020-AF2B-AB80BE131869}.Release|Any CPU.Build.0 = Release|Any CPU
		{D43E8F11-9EBD-431B-9412-FFF5D158580E}.Debug|Any CPU.ActiveCfg = Debug|Any CPU
		{D43E8F11-9EBD-431B-9412-FFF5D158580E}.Debug|Any CPU.Build.0 = Debug|Any CPU
		{D43E8F11-9EBD-431B-9412-FFF5D158580E}.Release|Any CPU.ActiveCfg = Release|Any CPU
		{D43E8F11-9EBD-431B-9412-FFF5D158580E}.Release|Any CPU.Build.0 = Release|Any CPU
		{3CD365F4-6593-4169-999B-60AB6B12C03A}.Debug|Any CPU.ActiveCfg = Debug|Any CPU
		{3CD365F4-6593-4169-999B-60AB6B12C03A}.Debug|Any CPU.Build.0 = Debug|Any CPU
		{3CD365F4-6593-4169-999B-60AB6B12C03A}.Release|Any CPU.ActiveCfg = Release|Any CPU
		{3CD365F4-6593-4169-999B-60AB6B12C03A}.Release|Any CPU.Build.0 = Release|Any CPU
		{DD8F02A4-CFD9-4273-AC77-4255F4718ADF}.Debug|Any CPU.ActiveCfg = Debug|Any CPU
		{DD8F02A4-CFD9-4273-AC77-4255F4718ADF}.Debug|Any CPU.Build.0 = Debug|Any CPU
		{DD8F02A4-CFD9-4273-AC77-4255F4718ADF}.Release|Any CPU.ActiveCfg = Release|Any CPU
		{DD8F02A4-CFD9-4273-AC77-4255F4718ADF}.Release|Any CPU.Build.0 = Release|Any CPU
		{BBAE5D0B-8557-43EA-B495-8F35410B8059}.Debug|Any CPU.ActiveCfg = Debug|Any CPU
		{BBAE5D0B-8557-43EA-B495-8F35410B8059}.Debug|Any CPU.Build.0 = Debug|Any CPU
		{BBAE5D0B-8557-43EA-B495-8F35410B8059}.Release|Any CPU.ActiveCfg = Release|Any CPU
		{BBAE5D0B-8557-43EA-B495-8F35410B8059}.Release|Any CPU.Build.0 = Release|Any CPU
		{5FEF9680-C761-4777-A92E-6497DA142D06}.Debug|Any CPU.ActiveCfg = Debug|Any CPU
		{5FEF9680-C761-4777-A92E-6497DA142D06}.Debug|Any CPU.Build.0 = Debug|Any CPU
		{5FEF9680-C761-4777-A92E-6497DA142D06}.Release|Any CPU.ActiveCfg = Release|Any CPU
		{5FEF9680-C761-4777-A92E-6497DA142D06}.Release|Any CPU.Build.0 = Release|Any CPU
		{29BF9F3A-FDAF-452B-8519-DCF46A593458}.Debug|Any CPU.ActiveCfg = Debug|Any CPU
		{29BF9F3A-FDAF-452B-8519-DCF46A593458}.Debug|Any CPU.Build.0 = Debug|Any CPU
		{29BF9F3A-FDAF-452B-8519-DCF46A593458}.Release|Any CPU.ActiveCfg = Release|Any CPU
		{29BF9F3A-FDAF-452B-8519-DCF46A593458}.Release|Any CPU.Build.0 = Release|Any CPU
		{A0564794-EC86-4A4E-8EF5-E93C7E185C00}.Debug|Any CPU.ActiveCfg = Debug|Any CPU
		{A0564794-EC86-4A4E-8EF5-E93C7E185C00}.Debug|Any CPU.Build.0 = Debug|Any CPU
		{A0564794-EC86-4A4E-8EF5-E93C7E185C00}.Release|Any CPU.ActiveCfg = Release|Any CPU
		{A0564794-EC86-4A4E-8EF5-E93C7E185C00}.Release|Any CPU.Build.0 = Release|Any CPU
		{EF2FE9C8-7FE5-4DEC-95C6-297640D7FB05}.Debug|Any CPU.ActiveCfg = Debug|Any CPU
		{EF2FE9C8-7FE5-4DEC-95C6-297640D7FB05}.Debug|Any CPU.Build.0 = Debug|Any CPU
		{EF2FE9C8-7FE5-4DEC-95C6-297640D7FB05}.Release|Any CPU.ActiveCfg = Release|Any CPU
		{EF2FE9C8-7FE5-4DEC-95C6-297640D7FB05}.Release|Any CPU.Build.0 = Release|Any CPU
		{467FDA0D-30CF-4A2B-926C-4B310FEEA9EA}.Debug|Any CPU.ActiveCfg = Debug|Any CPU
		{467FDA0D-30CF-4A2B-926C-4B310FEEA9EA}.Debug|Any CPU.Build.0 = Debug|Any CPU
		{467FDA0D-30CF-4A2B-926C-4B310FEEA9EA}.Release|Any CPU.ActiveCfg = Release|Any CPU
		{467FDA0D-30CF-4A2B-926C-4B310FEEA9EA}.Release|Any CPU.Build.0 = Release|Any CPU
	EndGlobalSection
	GlobalSection(SolutionProperties) = preSolution
		HideSolutionNode = FALSE
	EndGlobalSection
	GlobalSection(NestedProjects) = preSolution
		{29DF38C7-2219-4AD2-A636-B4CC8DE7F052} = {C6F45222-9032-48CD-B16A-7FCA887AE7BD}
		{9BE856E1-679F-4B9A-804C-997C79B23A86} = {C3843DA1-5695-4E27-BA01-FC9D25AEDED8}
		{3D9FF7DC-377D-439D-BA42-99107426AA02} = {C3843DA1-5695-4E27-BA01-FC9D25AEDED8}
		{334A3DF1-DE78-4C39-9F93-3CD4F6517996} = {C3843DA1-5695-4E27-BA01-FC9D25AEDED8}
		{D2552AA3-B777-4972-87DE-A02A0569651C} = {C6F45222-9032-48CD-B16A-7FCA887AE7BD}
		{B46A87BF-F46D-44D7-90D9-38DD46A0EBC2} = {C6F45222-9032-48CD-B16A-7FCA887AE7BD}
		{751C49C0-BBF6-4743-B9C6-3446B5990056} = {C6F45222-9032-48CD-B16A-7FCA887AE7BD}
		{23DA3019-2F81-45CC-9B08-512D0CAA6FA3} = {C6F45222-9032-48CD-B16A-7FCA887AE7BD}
		{7EE1C6B1-E76A-43BB-902E-17A2AB14B6BB} = {C6F45222-9032-48CD-B16A-7FCA887AE7BD}
		{2B2925E6-7A7C-42BB-9280-9BC5E89EDCF8} = {C6F45222-9032-48CD-B16A-7FCA887AE7BD}
		{E2E60EBF-CFC1-4742-A105-0AD0EB625B5C} = {C3843DA1-5695-4E27-BA01-FC9D25AEDED8}
		{290BC75F-E0D0-4B84-A76A-D646A1873809} = {C3843DA1-5695-4E27-BA01-FC9D25AEDED8}
		{8F3BB0A3-2F1B-4956-8ED1-8C6B68351120} = {C3843DA1-5695-4E27-BA01-FC9D25AEDED8}
		{91764E74-2EE9-4F74-BE2F-7A2B16FEB379} = {C3843DA1-5695-4E27-BA01-FC9D25AEDED8}
		{DE8A7CC6-9F59-407E-B016-F862B28804D1} = {C3843DA1-5695-4E27-BA01-FC9D25AEDED8}
		{AC77F483-5BD1-4ECA-B150-9425458EE86A} = {C3843DA1-5695-4E27-BA01-FC9D25AEDED8}
		{06A589F5-0679-4E94-9056-BBBBF16B7B05} = {CEED46E6-E326-406F-AC3F-0F068633CD57}
		{0AD48203-9CA6-4044-BDE9-763556883A59} = {CEED46E6-E326-406F-AC3F-0F068633CD57}
		{34EE5C97-560F-4DD9-9BA7-26E5D8DDF145} = {CEED46E6-E326-406F-AC3F-0F068633CD57}
		{0F14781D-FB7E-45B2-94A7-8288928A972C} = {CEED46E6-E326-406F-AC3F-0F068633CD57}
		{AB245E7A-2A3E-452E-BB80-0214FB59CDFC} = {CEED46E6-E326-406F-AC3F-0F068633CD57}
		{C3EA3E31-A3C0-4F73-B826-05B32DC906B6} = {4C5927B9-3FB6-473D-9FC7-D6C50F2C9885}
		{9B2C21B3-F901-408F-8553-1E03AD413008} = {4C5927B9-3FB6-473D-9FC7-D6C50F2C9885}
		{C2E1EF96-3718-41EC-A196-A7254EA07890} = {4C5927B9-3FB6-473D-9FC7-D6C50F2C9885}
		{5339BF90-410B-4249-9AA5-02FC11CF371F} = {4C5927B9-3FB6-473D-9FC7-D6C50F2C9885}
		{1698403D-16B1-49E9-9A22-EA9A38A96EEE} = {4C5927B9-3FB6-473D-9FC7-D6C50F2C9885}
		{D66C245F-D6E0-402E-BF35-009367643282} = {4C5927B9-3FB6-473D-9FC7-D6C50F2C9885}
		{5CF3C717-FCFD-489A-A3C8-01CE0F331E5A} = {4C5927B9-3FB6-473D-9FC7-D6C50F2C9885}
		{2E1D3B17-053F-41F5-9046-FB85E58AB776} = {4C5927B9-3FB6-473D-9FC7-D6C50F2C9885}
		{5214E4C2-25F3-4851-8799-EEC681C261C7} = {4C5927B9-3FB6-473D-9FC7-D6C50F2C9885}
		{B2246042-FC20-472E-BBDF-2F424E3C3A01} = {4C5927B9-3FB6-473D-9FC7-D6C50F2C9885}
		{35E447CF-985C-48CD-9159-3BDCCCEFA09B} = {4C5927B9-3FB6-473D-9FC7-D6C50F2C9885}
		{6CF952A8-0463-4226-ACCA-FBDB16E07802} = {4C5927B9-3FB6-473D-9FC7-D6C50F2C9885}
		{01C41DA6-5445-4DF8-91B7-72A64CA1CB64} = {4C5927B9-3FB6-473D-9FC7-D6C50F2C9885}
		{359A44D0-5791-4E11-B202-54B74F21DB35} = {E3997176-5DE8-4498-8D07-55C61E24B503}
		{0537C49C-EE58-4B1F-991E-93E045B5C4BF} = {E3997176-5DE8-4498-8D07-55C61E24B503}
		{2E8D4D89-CF6E-49B6-9F9F-D47BEF4870F7} = {E3997176-5DE8-4498-8D07-55C61E24B503}
		{9FE668C8-1FC3-4503-8CA1-6C977EC93C55} = {E3997176-5DE8-4498-8D07-55C61E24B503}
		{3442465D-18FB-4861-94D5-D46462024D9D} = {E3997176-5DE8-4498-8D07-55C61E24B503}
		{FAC90344-F15B-47B0-8559-B17E1D1F660C} = {E3997176-5DE8-4498-8D07-55C61E24B503}
		{32010038-7EC9-454C-9D02-4FAAFF4ECC63} = {E3997176-5DE8-4498-8D07-55C61E24B503}
		{A2748DC0-2EDD-40C6-8648-7C2F7B418C24} = {E3997176-5DE8-4498-8D07-55C61E24B503}
		{20C886D0-E4BA-4897-BEBE-C689AFA48B68} = {E3997176-5DE8-4498-8D07-55C61E24B503}
		{F9D269C3-BA4C-4220-AEEC-DC128ACEDB97} = {E3997176-5DE8-4498-8D07-55C61E24B503}
		{74490343-5394-4B3D-B592-BD9A7BA4489C} = {E3997176-5DE8-4498-8D07-55C61E24B503}
		{E1B1E509-2E43-427A-867E-CA5A48135DC1} = {E3997176-5DE8-4498-8D07-55C61E24B503}
		{17AC14B4-E91B-4EC2-95D7-110C0EC5A4B2} = {E3997176-5DE8-4498-8D07-55C61E24B503}
		{8FBBD559-82AE-4D63-B617-F61E16CC1471} = {E3997176-5DE8-4498-8D07-55C61E24B503}
		{02BDFF7A-A131-4E54-9193-175F5B53C059} = {E3997176-5DE8-4498-8D07-55C61E24B503}
		{7D201521-A1A8-4F78-97C3-D4742A92FB80} = {E3997176-5DE8-4498-8D07-55C61E24B503}
		{5BD5056B-E771-411A-8A46-01EE1F7301E5} = {E3997176-5DE8-4498-8D07-55C61E24B503}
		{94454CEF-C6F2-4A7A-9EA8-39000587345C} = {E3997176-5DE8-4498-8D07-55C61E24B503}
		{68981267-E032-4A9D-8CDD-C7C3C8C84735} = {E3997176-5DE8-4498-8D07-55C61E24B503}
		{704ED74F-9E89-46D6-94B2-1CB55E03C8EB} = {E3997176-5DE8-4498-8D07-55C61E24B503}
		{459109A7-EDCA-40D3-BCE3-EC655BAC3216} = {C08AD340-D300-4E43-AC24-46E7A9EE91BC}
		{964846FB-1024-4ACD-A3D6-0476191E3874} = {C08AD340-D300-4E43-AC24-46E7A9EE91BC}
		{8FFD72F9-2512-4F88-9F17-0221BE063161} = {C08AD340-D300-4E43-AC24-46E7A9EE91BC}
		{E648CD2B-C072-4D6B-B864-6DE115B75910} = {C08AD340-D300-4E43-AC24-46E7A9EE91BC}
		{C4278C3A-A9EC-4C25-834D-1A63F4562C0E} = {C08AD340-D300-4E43-AC24-46E7A9EE91BC}
		{A5679F59-3F3B-4A00-AC26-C75277CD8A1C} = {C08AD340-D300-4E43-AC24-46E7A9EE91BC}
		{366E7CFD-FEB3-495C-BDA8-E219571C0FDB} = {C08AD340-D300-4E43-AC24-46E7A9EE91BC}
		{DA68F6E8-7B74-4E36-958E-68611C9315CB} = {C08AD340-D300-4E43-AC24-46E7A9EE91BC}
		{199AC08B-E6B6-4980-A2CA-56320744D5B0} = {C08AD340-D300-4E43-AC24-46E7A9EE91BC}
		{D5BB1EE0-E50C-4750-9A11-13693898CF03} = {C08AD340-D300-4E43-AC24-46E7A9EE91BC}
		{030F5000-F402-484F-9925-BC835C432CC1} = {2546862A-4033-4CC4-901C-C1D710C4DBBE}
		{5A608740-95AD-4A82-93C8-14C6F5BC15D9} = {2546862A-4033-4CC4-901C-C1D710C4DBBE}
		{B67B9496-BF53-4439-A9EA-0A92287BB4B0} = {2546862A-4033-4CC4-901C-C1D710C4DBBE}
		{F5F8B66B-363A-4D85-B8D6-A9A6803E21CE} = {2546862A-4033-4CC4-901C-C1D710C4DBBE}
		{26EAC489-FF1A-4327-9606-AD04243BC0AA} = {2546862A-4033-4CC4-901C-C1D710C4DBBE}
		{579105B2-97C9-4D9E-B5F2-459D02EE5597} = {2546862A-4033-4CC4-901C-C1D710C4DBBE}
		{D814117D-CD77-41B8-9037-A274971240B6} = {2546862A-4033-4CC4-901C-C1D710C4DBBE}
		{7DE1D427-3A29-4E5A-A4EC-6AD82EF9AEB3} = {2546862A-4033-4CC4-901C-C1D710C4DBBE}
		{2047EE74-AE5F-4BFD-AB99-BDB62BF8FC5D} = {2546862A-4033-4CC4-901C-C1D710C4DBBE}
		{2100016F-63FB-4C6C-866F-4BE874311EB7} = {2546862A-4033-4CC4-901C-C1D710C4DBBE}
		{45E588D3-ACCF-4881-BC41-C05F7A3E7723} = {2546862A-4033-4CC4-901C-C1D710C4DBBE}
		{B871B513-B9BF-4470-B112-5A9C407C3AF4} = {B7DF9864-86CE-4336-A2BD-FA53054FD8D0}
		{7B62ADE9-A7BF-4A33-9BD9-9E564A943AC8} = {B7DF9864-86CE-4336-A2BD-FA53054FD8D0}
		{657360C1-7C00-43C4-8461-9B3E8F3ACC3F} = {B7DF9864-86CE-4336-A2BD-FA53054FD8D0}
		{1D6A6F79-7B0D-4292-806D-7EBFA0A83378} = {B7DF9864-86CE-4336-A2BD-FA53054FD8D0}
		{FFE606BF-E8A0-4FDC-BEB7-199247534FB9} = {B7DF9864-86CE-4336-A2BD-FA53054FD8D0}
		{FE7A9481-4F5A-4CF4-BF6C-83587ACF400A} = {B7DF9864-86CE-4336-A2BD-FA53054FD8D0}
		{83B1A698-5252-44CE-BA9E-2AC8DF53782F} = {B7DF9864-86CE-4336-A2BD-FA53054FD8D0}
		{7608FC74-D0BC-4C16-8139-FCDCA6AAD1FB} = {B7DF9864-86CE-4336-A2BD-FA53054FD8D0}
		{07302B48-4E12-44EC-AB84-0105B518C491} = {B7DF9864-86CE-4336-A2BD-FA53054FD8D0}
		{DD1EDE06-C088-4DF8-8459-682D13920A3C} = {B7DF9864-86CE-4336-A2BD-FA53054FD8D0}
		{9F7F20C6-8CBE-473A-9ADC-D58E8B4F48B2} = {B7DF9864-86CE-4336-A2BD-FA53054FD8D0}
		{863C37DE-15E0-45DE-B495-36B76856A547} = {B7DF9864-86CE-4336-A2BD-FA53054FD8D0}
		{D5A5FEF3-8AB8-4EF9-856F-3C9B8946EF64} = {B7DF9864-86CE-4336-A2BD-FA53054FD8D0}
		{760C75D8-8EAF-46D7-A1DE-D68F016BCEA6} = {B7DF9864-86CE-4336-A2BD-FA53054FD8D0}
		{83223E50-0EA0-4768-9332-7E6F794C0674} = {B7DF9864-86CE-4336-A2BD-FA53054FD8D0}
		{F182C62C-E2E6-4DB0-9A4C-A671632FC304} = {B7DF9864-86CE-4336-A2BD-FA53054FD8D0}
		{CA56E925-9CB6-4009-9E3F-A264442E7F76} = {B7DF9864-86CE-4336-A2BD-FA53054FD8D0}
		{09BF6912-3A85-4035-84AF-80ADA7804858} = {B7DF9864-86CE-4336-A2BD-FA53054FD8D0}
		{B9288173-3372-4594-8D3B-CBF017128C32} = {B7DF9864-86CE-4336-A2BD-FA53054FD8D0}
		{F895A4D8-8C33-40EB-8D7E-02F7418C719A} = {B7DF9864-86CE-4336-A2BD-FA53054FD8D0}
		{A9018547-CF02-4A51-AC1F-21A539D49170} = {6E363DE4-BAF0-4F34-8EC6-521442155EA5}
		{35749FA3-82F9-408C-82E9-89D78FB03C28} = {6E363DE4-BAF0-4F34-8EC6-521442155EA5}
		{BFAD2D7F-0818-4EAA-B78D-71243F7CDA98} = {6E363DE4-BAF0-4F34-8EC6-521442155EA5}
		{C816ED01-F554-4BED-9B1D-70947C5F4A06} = {6E363DE4-BAF0-4F34-8EC6-521442155EA5}
		{D1EAB5BC-B9C0-4E65-B021-6423A6327C1C} = {6E363DE4-BAF0-4F34-8EC6-521442155EA5}
		{3AB44248-230B-445C-A7A1-770988351ECF} = {6E363DE4-BAF0-4F34-8EC6-521442155EA5}
		{D26F63B4-BE8D-4C79-AAE2-1C4DEA239BB0} = {6E363DE4-BAF0-4F34-8EC6-521442155EA5}
		{2F4F8720-D1F7-4634-9B05-B6D9D689AB49} = {6E363DE4-BAF0-4F34-8EC6-521442155EA5}
		{6820B724-68C3-4642-B1E4-61B659DA0B36} = {0A68B9F2-784C-4D2C-AF8A-D721304C181A}
		{D8FD9FE5-420A-4FE4-9BAF-66C8100700C8} = {0A68B9F2-784C-4D2C-AF8A-D721304C181A}
		{447B7EF9-E9C5-493D-9259-85212F3BE2B7} = {0A68B9F2-784C-4D2C-AF8A-D721304C181A}
		{709D472A-48CE-4BEC-A0F3-44D644187A8B} = {0A68B9F2-784C-4D2C-AF8A-D721304C181A}
		{C9AE1098-0153-4702-A868-77A74F7F8E84} = {0A68B9F2-784C-4D2C-AF8A-D721304C181A}
		{2B1C109E-26BB-4670-9ED2-252286D4BA78} = {0A68B9F2-784C-4D2C-AF8A-D721304C181A}
		{9F3C71A9-C9EB-47D5-B360-269A452AC063} = {0A68B9F2-784C-4D2C-AF8A-D721304C181A}
		{78AD9BD8-B7B7-4EB1-8DF4-BEB30B8FD2F4} = {0A68B9F2-784C-4D2C-AF8A-D721304C181A}
		{04DE8932-18FE-4B69-8171-065931EA91FE} = {0A68B9F2-784C-4D2C-AF8A-D721304C181A}
		{128E813B-2DAD-4ACD-A916-4B9B82BEACB3} = {0A68B9F2-784C-4D2C-AF8A-D721304C181A}
		{D9A6D622-079A-4CA0-B285-E9212F6078D0} = {0A68B9F2-784C-4D2C-AF8A-D721304C181A}
		{F743C73B-50E4-4767-8E97-9DFA61FAFB88} = {0A68B9F2-784C-4D2C-AF8A-D721304C181A}
		{897D7A02-D879-4D18-90CB-D146DEE7D831} = {0A68B9F2-784C-4D2C-AF8A-D721304C181A}
		{4BC74EBF-ADBE-425F-B718-310C9B09F142} = {0A68B9F2-784C-4D2C-AF8A-D721304C181A}
		{470E1A3C-600F-4F08-A3F6-45667FDCC302} = {3DFFBCDC-35F8-4B64-BB48-6AD1A768CE24}
		{87DF596B-1A26-4EC0-902F-680C3DBF51FC} = {3DFFBCDC-35F8-4B64-BB48-6AD1A768CE24}
		{369ABD27-9942-4F9E-BDB3-DDCED51B2822} = {3DFFBCDC-35F8-4B64-BB48-6AD1A768CE24}
		{25B5C890-F1D0-49C4-AED2-9A3DF6F33FB4} = {3DFFBCDC-35F8-4B64-BB48-6AD1A768CE24}
		{1EB55CC0-A188-41E2-A8EB-2C7A1E73F69D} = {3DFFBCDC-35F8-4B64-BB48-6AD1A768CE24}
		{DB2EF0BF-2375-4968-83D5-9C6C90FDE9AB} = {3DFFBCDC-35F8-4B64-BB48-6AD1A768CE24}
		{AD91F41B-E280-4EBA-AB5C-295FD62AF139} = {3DFFBCDC-35F8-4B64-BB48-6AD1A768CE24}
		{B8549293-3AC4-4F35-B080-3027B8760AAE} = {3DFFBCDC-35F8-4B64-BB48-6AD1A768CE24}
		{7F3BD0AD-06D9-4020-AF2B-AB80BE131869} = {3DFFBCDC-35F8-4B64-BB48-6AD1A768CE24}
		{D43E8F11-9EBD-431B-9412-FFF5D158580E} = {3DFFBCDC-35F8-4B64-BB48-6AD1A768CE24}
		{3CD365F4-6593-4169-999B-60AB6B12C03A} = {3DFFBCDC-35F8-4B64-BB48-6AD1A768CE24}
		{DD8F02A4-CFD9-4273-AC77-4255F4718ADF} = {3DFFBCDC-35F8-4B64-BB48-6AD1A768CE24}
		{BBAE5D0B-8557-43EA-B495-8F35410B8059} = {3DFFBCDC-35F8-4B64-BB48-6AD1A768CE24}
		{5FEF9680-C761-4777-A92E-6497DA142D06} = {3DFFBCDC-35F8-4B64-BB48-6AD1A768CE24}
		{29BF9F3A-FDAF-452B-8519-DCF46A593458} = {3DFFBCDC-35F8-4B64-BB48-6AD1A768CE24}
		{A0564794-EC86-4A4E-8EF5-E93C7E185C00} = {3DFFBCDC-35F8-4B64-BB48-6AD1A768CE24}
		{EF2FE9C8-7FE5-4DEC-95C6-297640D7FB05} = {3DFFBCDC-35F8-4B64-BB48-6AD1A768CE24}
	EndGlobalSection
	GlobalSection(ExtensibilityGlobals) = postSolution
		SolutionGuid = {CC8B899A-2422-42FF-8669-37EE786D1AB7}
	EndGlobalSection
EndGlobal
